
Microsoft Visual Studio Solution File, Format Version 12.00
# Visual Studio 14
VisualStudioVersion = 14.0.25123.0
MinimumVisualStudioVersion = 10.0.40219.1
Project("{2150E333-8FDC-42A3-9474-1A3956D46DE8}") = "Hardware", "Hardware", "{8CFFF28C-8FDD-467A-9CBF-4AA8D81806C9}"
EndProject
Project("{2150E333-8FDC-42A3-9474-1A3956D46DE8}") = "Software", "Software", "{3C483C0F-38F0-4C62-9C71-CD3352866266}"
EndProject
Project("{2150E333-8FDC-42A3-9474-1A3956D46DE8}") = "BusinessLogic", "BusinessLogic", "{38D628F3-FF33-42CB-816B-E35AD1CBA01B}"
EndProject
Project("{2150E333-8FDC-42A3-9474-1A3956D46DE8}") = "DataAccessLayer", "DataAccessLayer", "{44EEF008-68C3-4985-97E9-544D006DAFD4}"
EndProject
Project("{2150E333-8FDC-42A3-9474-1A3956D46DE8}") = "DomainModel", "DomainModel", "{5AAD5FE2-1462-4B2A-9498-8E285FDBF9CB}"
EndProject
Project("{2150E333-8FDC-42A3-9474-1A3956D46DE8}") = "Services", "Services", "{3B38518E-0F88-4E20-A40A-035B67180E8A}"
EndProject
Project("{2150E333-8FDC-42A3-9474-1A3956D46DE8}") = "SpineX.Mobile", "SpineX.Mobile", "{63A42565-8912-483F-B107-487DFD073782}"
EndProject
Project("{2150E333-8FDC-42A3-9474-1A3956D46DE8}") = "SpineX.Web", "SpineX.Web", "{C3BCF2BC-AE22-40AD-83B7-9B3A860FC354}"
EndProject
Project("{2150E333-8FDC-42A3-9474-1A3956D46DE8}") = ".solution", ".solution", "{72CAE858-C2FD-49BA-BD0B-FAE8FF8A2461}"
	ProjectSection(SolutionItems) = preProject
		.gitignore = .gitignore
		LICENSE = LICENSE
		README.md = README.md
	EndProjectSection
EndProject
Project("{FAE04EC0-301F-11D3-BF4B-00C04F79EFBC}") = "SpineX.iOT", "SpineX.iOT\SpineX.iOT.csproj", "{5DE5B57E-BE41-4343-B3CB-6351A27FC8AE}"
EndProject
Project("{FAE04EC0-301F-11D3-BF4B-00C04F79EFBC}") = "SpineX.LSM6DS3", "SpineX.LSM6DS3\SpineX.LSM6DS3.csproj", "{F8293BA2-C219-412E-9410-E7667492AF30}"
EndProject
Project("{FAE04EC0-301F-11D3-BF4B-00C04F79EFBC}") = "SpineX.BusinessLogic", "SpineX.BusinessLogic\SpineX.BusinessLogic.csproj", "{6C2894C9-9C56-4CDC-A9D5-65022A96297B}"
EndProject
Project("{FAE04EC0-301F-11D3-BF4B-00C04F79EFBC}") = "SpineX.BusinessLogic.Interface", "SpineX.BusinessLogic.Interface\SpineX.BusinessLogic.Interface.csproj", "{A8E3199B-2657-4D2C-A3B5-3FA99C63B6C2}"
EndProject
Project("{FAE04EC0-301F-11D3-BF4B-00C04F79EFBC}") = "SpineX.DataAccessLayer.Interface", "SpineX.DataAccessLayer.Interface\SpineX.DataAccessLayer.Interface.csproj", "{2D6A2D15-7789-495D-9BFB-118845C7B0F3}"
EndProject
Project("{FAE04EC0-301F-11D3-BF4B-00C04F79EFBC}") = "SpineX.DataAccessLayer", "SpineX.DataAccessLayer\SpineX.DataAccessLayer.csproj", "{82EB09BC-33F4-4B39-9E64-23DB684E0DCE}"
EndProject
Project("{FAE04EC0-301F-11D3-BF4B-00C04F79EFBC}") = "SpineX.DomainModel", "SpineX.DomainModel\SpineX.DomainModel.csproj", "{2F1D5908-FAD4-43D5-96D5-48A96BE1955B}"
EndProject
Project("{FAE04EC0-301F-11D3-BF4B-00C04F79EFBC}") = "SpineX.DataAdapter", "SpineX.DataAdapter\SpineX.DataAdapter.csproj", "{87064E20-D053-4FB9-8CC3-A69F3FC4B1FA}"
EndProject
Project("{FAE04EC0-301F-11D3-BF4B-00C04F79EFBC}") = "SpineX.IoC", "SpineX.IoC\SpineX.IoC.csproj", "{10E57D29-5324-4820-9E23-2D17A11E97A8}"
EndProject
Project("{FAE04EC0-301F-11D3-BF4B-00C04F79EFBC}") = "SpineX.WebAPI", "SpineX.WebAPI\SpineX.WebAPI.csproj", "{2D4854C3-CE26-4365-AC67-522D8EDA43C9}"
EndProject
Project("{FAE04EC0-301F-11D3-BF4B-00C04F79EFBC}") = "SpineX.WebClient", "SpineX.WebClient\SpineX.WebClient.csproj", "{E56FCF68-6EED-4DA7-A3FE-F97FE7871469}"
EndProject
Project("{FAE04EC0-301F-11D3-BF4B-00C04F79EFBC}") = "SpineX.Android", "SpineX.Android\SpineX.Android.csproj", "{334F33A9-0CE9-4CC0-8943-C300B0131684}"
EndProject
Project("{FAE04EC0-301F-11D3-BF4B-00C04F79EFBC}") = "SpineX.iOS", "SpineX.iOS\SpineX.iOS.csproj", "{141C5BF8-A7F1-449B-A6A9-96BE0E681735}"
EndProject
Project("{CC5FD16D-436D-48AD-A40C-5A424C6E3E79}") = "SpineX.AzureCloudService", "SpineX.AzureCloudService\SpineX.AzureCloudService.ccproj", "{D469F4CE-22D6-4B32-8AF5-325FB267342B}"
EndProject
Project("{2150E333-8FDC-42A3-9474-1A3956D46DE8}") = "Tests", "Tests", "{E1F90F0F-C5B7-4220-8484-CD849DD8AE93}"
EndProject
Project("{2150E333-8FDC-42A3-9474-1A3956D46DE8}") = "Hardware", "Hardware", "{267AE5B2-D17D-43EA-841D-E56C1063789C}"
EndProject
Project("{2150E333-8FDC-42A3-9474-1A3956D46DE8}") = "Software", "Software", "{5E7E0F36-82C1-4C2F-8C2A-12185CCF8984}"
EndProject
Global
	GlobalSection(SolutionConfigurationPlatforms) = preSolution
		Ad-Hoc|Any CPU = Ad-Hoc|Any CPU
		Ad-Hoc|ARM = Ad-Hoc|ARM
		Ad-Hoc|iPhone = Ad-Hoc|iPhone
		Ad-Hoc|iPhoneSimulator = Ad-Hoc|iPhoneSimulator
		Ad-Hoc|x64 = Ad-Hoc|x64
		Ad-Hoc|x86 = Ad-Hoc|x86
		AppStore|Any CPU = AppStore|Any CPU
		AppStore|ARM = AppStore|ARM
		AppStore|iPhone = AppStore|iPhone
		AppStore|iPhoneSimulator = AppStore|iPhoneSimulator
		AppStore|x64 = AppStore|x64
		AppStore|x86 = AppStore|x86
		Debug|Any CPU = Debug|Any CPU
		Debug|ARM = Debug|ARM
		Debug|iPhone = Debug|iPhone
		Debug|iPhoneSimulator = Debug|iPhoneSimulator
		Debug|x64 = Debug|x64
		Debug|x86 = Debug|x86
		Release|Any CPU = Release|Any CPU
		Release|ARM = Release|ARM
		Release|iPhone = Release|iPhone
		Release|iPhoneSimulator = Release|iPhoneSimulator
		Release|x64 = Release|x64
		Release|x86 = Release|x86
	EndGlobalSection
	GlobalSection(ProjectConfigurationPlatforms) = postSolution
		{5DE5B57E-BE41-4343-B3CB-6351A27FC8AE}.Ad-Hoc|Any CPU.ActiveCfg = Release|x64
		{5DE5B57E-BE41-4343-B3CB-6351A27FC8AE}.Ad-Hoc|Any CPU.Build.0 = Release|x64
		{5DE5B57E-BE41-4343-B3CB-6351A27FC8AE}.Ad-Hoc|Any CPU.Deploy.0 = Release|x64
		{5DE5B57E-BE41-4343-B3CB-6351A27FC8AE}.Ad-Hoc|ARM.ActiveCfg = Release|ARM
		{5DE5B57E-BE41-4343-B3CB-6351A27FC8AE}.Ad-Hoc|ARM.Build.0 = Release|ARM
		{5DE5B57E-BE41-4343-B3CB-6351A27FC8AE}.Ad-Hoc|ARM.Deploy.0 = Release|ARM
		{5DE5B57E-BE41-4343-B3CB-6351A27FC8AE}.Ad-Hoc|iPhone.ActiveCfg = Release|x64
		{5DE5B57E-BE41-4343-B3CB-6351A27FC8AE}.Ad-Hoc|iPhone.Build.0 = Release|x64
		{5DE5B57E-BE41-4343-B3CB-6351A27FC8AE}.Ad-Hoc|iPhone.Deploy.0 = Release|x64
		{5DE5B57E-BE41-4343-B3CB-6351A27FC8AE}.Ad-Hoc|iPhoneSimulator.ActiveCfg = Release|x64
		{5DE5B57E-BE41-4343-B3CB-6351A27FC8AE}.Ad-Hoc|iPhoneSimulator.Build.0 = Release|x64
		{5DE5B57E-BE41-4343-B3CB-6351A27FC8AE}.Ad-Hoc|iPhoneSimulator.Deploy.0 = Release|x64
		{5DE5B57E-BE41-4343-B3CB-6351A27FC8AE}.Ad-Hoc|x64.ActiveCfg = Release|x64
		{5DE5B57E-BE41-4343-B3CB-6351A27FC8AE}.Ad-Hoc|x64.Build.0 = Release|x64
		{5DE5B57E-BE41-4343-B3CB-6351A27FC8AE}.Ad-Hoc|x64.Deploy.0 = Release|x64
		{5DE5B57E-BE41-4343-B3CB-6351A27FC8AE}.Ad-Hoc|x86.ActiveCfg = Release|x86
		{5DE5B57E-BE41-4343-B3CB-6351A27FC8AE}.Ad-Hoc|x86.Build.0 = Release|x86
		{5DE5B57E-BE41-4343-B3CB-6351A27FC8AE}.Ad-Hoc|x86.Deploy.0 = Release|x86
		{5DE5B57E-BE41-4343-B3CB-6351A27FC8AE}.AppStore|Any CPU.ActiveCfg = Release|x64
		{5DE5B57E-BE41-4343-B3CB-6351A27FC8AE}.AppStore|Any CPU.Build.0 = Release|x64
		{5DE5B57E-BE41-4343-B3CB-6351A27FC8AE}.AppStore|Any CPU.Deploy.0 = Release|x64
		{5DE5B57E-BE41-4343-B3CB-6351A27FC8AE}.AppStore|ARM.ActiveCfg = Release|ARM
		{5DE5B57E-BE41-4343-B3CB-6351A27FC8AE}.AppStore|ARM.Build.0 = Release|ARM
		{5DE5B57E-BE41-4343-B3CB-6351A27FC8AE}.AppStore|ARM.Deploy.0 = Release|ARM
		{5DE5B57E-BE41-4343-B3CB-6351A27FC8AE}.AppStore|iPhone.ActiveCfg = Release|x64
		{5DE5B57E-BE41-4343-B3CB-6351A27FC8AE}.AppStore|iPhone.Build.0 = Release|x64
		{5DE5B57E-BE41-4343-B3CB-6351A27FC8AE}.AppStore|iPhone.Deploy.0 = Release|x64
		{5DE5B57E-BE41-4343-B3CB-6351A27FC8AE}.AppStore|iPhoneSimulator.ActiveCfg = Release|x64
		{5DE5B57E-BE41-4343-B3CB-6351A27FC8AE}.AppStore|iPhoneSimulator.Build.0 = Release|x64
		{5DE5B57E-BE41-4343-B3CB-6351A27FC8AE}.AppStore|iPhoneSimulator.Deploy.0 = Release|x64
		{5DE5B57E-BE41-4343-B3CB-6351A27FC8AE}.AppStore|x64.ActiveCfg = Release|x64
		{5DE5B57E-BE41-4343-B3CB-6351A27FC8AE}.AppStore|x64.Build.0 = Release|x64
		{5DE5B57E-BE41-4343-B3CB-6351A27FC8AE}.AppStore|x64.Deploy.0 = Release|x64
		{5DE5B57E-BE41-4343-B3CB-6351A27FC8AE}.AppStore|x86.ActiveCfg = Release|x86
		{5DE5B57E-BE41-4343-B3CB-6351A27FC8AE}.AppStore|x86.Build.0 = Release|x86
		{5DE5B57E-BE41-4343-B3CB-6351A27FC8AE}.AppStore|x86.Deploy.0 = Release|x86
		{5DE5B57E-BE41-4343-B3CB-6351A27FC8AE}.Debug|Any CPU.ActiveCfg = Debug|x86
		{5DE5B57E-BE41-4343-B3CB-6351A27FC8AE}.Debug|ARM.ActiveCfg = Debug|ARM
		{5DE5B57E-BE41-4343-B3CB-6351A27FC8AE}.Debug|ARM.Build.0 = Debug|ARM
		{5DE5B57E-BE41-4343-B3CB-6351A27FC8AE}.Debug|ARM.Deploy.0 = Debug|ARM
		{5DE5B57E-BE41-4343-B3CB-6351A27FC8AE}.Debug|iPhone.ActiveCfg = Debug|x86
		{5DE5B57E-BE41-4343-B3CB-6351A27FC8AE}.Debug|iPhoneSimulator.ActiveCfg = Debug|x86
		{5DE5B57E-BE41-4343-B3CB-6351A27FC8AE}.Debug|x64.ActiveCfg = Debug|x64
		{5DE5B57E-BE41-4343-B3CB-6351A27FC8AE}.Debug|x64.Build.0 = Debug|x64
		{5DE5B57E-BE41-4343-B3CB-6351A27FC8AE}.Debug|x64.Deploy.0 = Debug|x64
		{5DE5B57E-BE41-4343-B3CB-6351A27FC8AE}.Debug|x86.ActiveCfg = Debug|x86
		{5DE5B57E-BE41-4343-B3CB-6351A27FC8AE}.Debug|x86.Build.0 = Debug|x86
		{5DE5B57E-BE41-4343-B3CB-6351A27FC8AE}.Debug|x86.Deploy.0 = Debug|x86
		{5DE5B57E-BE41-4343-B3CB-6351A27FC8AE}.Release|Any CPU.ActiveCfg = Release|x86
		{5DE5B57E-BE41-4343-B3CB-6351A27FC8AE}.Release|ARM.ActiveCfg = Release|ARM
		{5DE5B57E-BE41-4343-B3CB-6351A27FC8AE}.Release|ARM.Build.0 = Release|ARM
		{5DE5B57E-BE41-4343-B3CB-6351A27FC8AE}.Release|ARM.Deploy.0 = Release|ARM
		{5DE5B57E-BE41-4343-B3CB-6351A27FC8AE}.Release|iPhone.ActiveCfg = Release|x86
		{5DE5B57E-BE41-4343-B3CB-6351A27FC8AE}.Release|iPhoneSimulator.ActiveCfg = Release|x86
		{5DE5B57E-BE41-4343-B3CB-6351A27FC8AE}.Release|x64.ActiveCfg = Release|x64
		{5DE5B57E-BE41-4343-B3CB-6351A27FC8AE}.Release|x64.Build.0 = Release|x64
		{5DE5B57E-BE41-4343-B3CB-6351A27FC8AE}.Release|x64.Deploy.0 = Release|x64
		{5DE5B57E-BE41-4343-B3CB-6351A27FC8AE}.Release|x86.ActiveCfg = Release|x86
		{5DE5B57E-BE41-4343-B3CB-6351A27FC8AE}.Release|x86.Build.0 = Release|x86
		{5DE5B57E-BE41-4343-B3CB-6351A27FC8AE}.Release|x86.Deploy.0 = Release|x86
		{F8293BA2-C219-412E-9410-E7667492AF30}.Ad-Hoc|Any CPU.ActiveCfg = Release|x64
		{F8293BA2-C219-412E-9410-E7667492AF30}.Ad-Hoc|Any CPU.Build.0 = Release|x64
		{F8293BA2-C219-412E-9410-E7667492AF30}.Ad-Hoc|Any CPU.Deploy.0 = Release|x64
		{F8293BA2-C219-412E-9410-E7667492AF30}.Ad-Hoc|ARM.ActiveCfg = Release|ARM
		{F8293BA2-C219-412E-9410-E7667492AF30}.Ad-Hoc|ARM.Build.0 = Release|ARM
		{F8293BA2-C219-412E-9410-E7667492AF30}.Ad-Hoc|ARM.Deploy.0 = Release|ARM
		{F8293BA2-C219-412E-9410-E7667492AF30}.Ad-Hoc|iPhone.ActiveCfg = Release|x64
		{F8293BA2-C219-412E-9410-E7667492AF30}.Ad-Hoc|iPhone.Build.0 = Release|x64
		{F8293BA2-C219-412E-9410-E7667492AF30}.Ad-Hoc|iPhone.Deploy.0 = Release|x64
		{F8293BA2-C219-412E-9410-E7667492AF30}.Ad-Hoc|iPhoneSimulator.ActiveCfg = Release|x64
		{F8293BA2-C219-412E-9410-E7667492AF30}.Ad-Hoc|iPhoneSimulator.Build.0 = Release|x64
		{F8293BA2-C219-412E-9410-E7667492AF30}.Ad-Hoc|iPhoneSimulator.Deploy.0 = Release|x64
		{F8293BA2-C219-412E-9410-E7667492AF30}.Ad-Hoc|x64.ActiveCfg = Release|x64
		{F8293BA2-C219-412E-9410-E7667492AF30}.Ad-Hoc|x64.Build.0 = Release|x64
		{F8293BA2-C219-412E-9410-E7667492AF30}.Ad-Hoc|x64.Deploy.0 = Release|x64
		{F8293BA2-C219-412E-9410-E7667492AF30}.Ad-Hoc|x86.ActiveCfg = Release|x86
		{F8293BA2-C219-412E-9410-E7667492AF30}.Ad-Hoc|x86.Build.0 = Release|x86
		{F8293BA2-C219-412E-9410-E7667492AF30}.Ad-Hoc|x86.Deploy.0 = Release|x86
		{F8293BA2-C219-412E-9410-E7667492AF30}.AppStore|Any CPU.ActiveCfg = Release|x64
		{F8293BA2-C219-412E-9410-E7667492AF30}.AppStore|Any CPU.Build.0 = Release|x64
		{F8293BA2-C219-412E-9410-E7667492AF30}.AppStore|Any CPU.Deploy.0 = Release|x64
		{F8293BA2-C219-412E-9410-E7667492AF30}.AppStore|ARM.ActiveCfg = Release|ARM
		{F8293BA2-C219-412E-9410-E7667492AF30}.AppStore|ARM.Build.0 = Release|ARM
		{F8293BA2-C219-412E-9410-E7667492AF30}.AppStore|ARM.Deploy.0 = Release|ARM
		{F8293BA2-C219-412E-9410-E7667492AF30}.AppStore|iPhone.ActiveCfg = Release|x64
		{F8293BA2-C219-412E-9410-E7667492AF30}.AppStore|iPhone.Build.0 = Release|x64
		{F8293BA2-C219-412E-9410-E7667492AF30}.AppStore|iPhone.Deploy.0 = Release|x64
		{F8293BA2-C219-412E-9410-E7667492AF30}.AppStore|iPhoneSimulator.ActiveCfg = Release|x64
		{F8293BA2-C219-412E-9410-E7667492AF30}.AppStore|iPhoneSimulator.Build.0 = Release|x64
		{F8293BA2-C219-412E-9410-E7667492AF30}.AppStore|iPhoneSimulator.Deploy.0 = Release|x64
		{F8293BA2-C219-412E-9410-E7667492AF30}.AppStore|x64.ActiveCfg = Release|x64
		{F8293BA2-C219-412E-9410-E7667492AF30}.AppStore|x64.Build.0 = Release|x64
		{F8293BA2-C219-412E-9410-E7667492AF30}.AppStore|x64.Deploy.0 = Release|x64
		{F8293BA2-C219-412E-9410-E7667492AF30}.AppStore|x86.ActiveCfg = Release|x86
		{F8293BA2-C219-412E-9410-E7667492AF30}.AppStore|x86.Build.0 = Release|x86
		{F8293BA2-C219-412E-9410-E7667492AF30}.AppStore|x86.Deploy.0 = Release|x86
		{F8293BA2-C219-412E-9410-E7667492AF30}.Debug|Any CPU.ActiveCfg = Debug|x86
		{F8293BA2-C219-412E-9410-E7667492AF30}.Debug|ARM.ActiveCfg = Debug|ARM
		{F8293BA2-C219-412E-9410-E7667492AF30}.Debug|ARM.Build.0 = Debug|ARM
		{F8293BA2-C219-412E-9410-E7667492AF30}.Debug|ARM.Deploy.0 = Debug|ARM
		{F8293BA2-C219-412E-9410-E7667492AF30}.Debug|iPhone.ActiveCfg = Debug|x86
		{F8293BA2-C219-412E-9410-E7667492AF30}.Debug|iPhoneSimulator.ActiveCfg = Debug|x86
		{F8293BA2-C219-412E-9410-E7667492AF30}.Debug|x64.ActiveCfg = Debug|x64
		{F8293BA2-C219-412E-9410-E7667492AF30}.Debug|x64.Build.0 = Debug|x64
		{F8293BA2-C219-412E-9410-E7667492AF30}.Debug|x64.Deploy.0 = Debug|x64
		{F8293BA2-C219-412E-9410-E7667492AF30}.Debug|x86.ActiveCfg = Debug|x86
		{F8293BA2-C219-412E-9410-E7667492AF30}.Debug|x86.Build.0 = Debug|x86
		{F8293BA2-C219-412E-9410-E7667492AF30}.Debug|x86.Deploy.0 = Debug|x86
		{F8293BA2-C219-412E-9410-E7667492AF30}.Release|Any CPU.ActiveCfg = Release|x86
		{F8293BA2-C219-412E-9410-E7667492AF30}.Release|ARM.ActiveCfg = Release|ARM
		{F8293BA2-C219-412E-9410-E7667492AF30}.Release|ARM.Build.0 = Release|ARM
		{F8293BA2-C219-412E-9410-E7667492AF30}.Release|ARM.Deploy.0 = Release|ARM
		{F8293BA2-C219-412E-9410-E7667492AF30}.Release|iPhone.ActiveCfg = Release|x86
		{F8293BA2-C219-412E-9410-E7667492AF30}.Release|iPhoneSimulator.ActiveCfg = Release|x86
		{F8293BA2-C219-412E-9410-E7667492AF30}.Release|x64.ActiveCfg = Release|x64
		{F8293BA2-C219-412E-9410-E7667492AF30}.Release|x64.Build.0 = Release|x64
		{F8293BA2-C219-412E-9410-E7667492AF30}.Release|x64.Deploy.0 = Release|x64
		{F8293BA2-C219-412E-9410-E7667492AF30}.Release|x86.ActiveCfg = Release|x86
		{F8293BA2-C219-412E-9410-E7667492AF30}.Release|x86.Build.0 = Release|x86
		{F8293BA2-C219-412E-9410-E7667492AF30}.Release|x86.Deploy.0 = Release|x86
		{6C2894C9-9C56-4CDC-A9D5-65022A96297B}.Ad-Hoc|Any CPU.ActiveCfg = Release|Any CPU
		{6C2894C9-9C56-4CDC-A9D5-65022A96297B}.Ad-Hoc|Any CPU.Build.0 = Release|Any CPU
		{6C2894C9-9C56-4CDC-A9D5-65022A96297B}.Ad-Hoc|ARM.ActiveCfg = Release|Any CPU
		{6C2894C9-9C56-4CDC-A9D5-65022A96297B}.Ad-Hoc|ARM.Build.0 = Release|Any CPU
		{6C2894C9-9C56-4CDC-A9D5-65022A96297B}.Ad-Hoc|iPhone.ActiveCfg = Release|Any CPU
		{6C2894C9-9C56-4CDC-A9D5-65022A96297B}.Ad-Hoc|iPhone.Build.0 = Release|Any CPU
		{6C2894C9-9C56-4CDC-A9D5-65022A96297B}.Ad-Hoc|iPhoneSimulator.ActiveCfg = Release|Any CPU
		{6C2894C9-9C56-4CDC-A9D5-65022A96297B}.Ad-Hoc|iPhoneSimulator.Build.0 = Release|Any CPU
		{6C2894C9-9C56-4CDC-A9D5-65022A96297B}.Ad-Hoc|x64.ActiveCfg = Release|Any CPU
		{6C2894C9-9C56-4CDC-A9D5-65022A96297B}.Ad-Hoc|x64.Build.0 = Release|Any CPU
		{6C2894C9-9C56-4CDC-A9D5-65022A96297B}.Ad-Hoc|x86.ActiveCfg = Release|Any CPU
		{6C2894C9-9C56-4CDC-A9D5-65022A96297B}.Ad-Hoc|x86.Build.0 = Release|Any CPU
		{6C2894C9-9C56-4CDC-A9D5-65022A96297B}.AppStore|Any CPU.ActiveCfg = Release|Any CPU
		{6C2894C9-9C56-4CDC-A9D5-65022A96297B}.AppStore|Any CPU.Build.0 = Release|Any CPU
		{6C2894C9-9C56-4CDC-A9D5-65022A96297B}.AppStore|ARM.ActiveCfg = Release|Any CPU
		{6C2894C9-9C56-4CDC-A9D5-65022A96297B}.AppStore|ARM.Build.0 = Release|Any CPU
		{6C2894C9-9C56-4CDC-A9D5-65022A96297B}.AppStore|iPhone.ActiveCfg = Release|Any CPU
		{6C2894C9-9C56-4CDC-A9D5-65022A96297B}.AppStore|iPhone.Build.0 = Release|Any CPU
		{6C2894C9-9C56-4CDC-A9D5-65022A96297B}.AppStore|iPhoneSimulator.ActiveCfg = Release|Any CPU
		{6C2894C9-9C56-4CDC-A9D5-65022A96297B}.AppStore|iPhoneSimulator.Build.0 = Release|Any CPU
		{6C2894C9-9C56-4CDC-A9D5-65022A96297B}.AppStore|x64.ActiveCfg = Release|Any CPU
		{6C2894C9-9C56-4CDC-A9D5-65022A96297B}.AppStore|x64.Build.0 = Release|Any CPU
		{6C2894C9-9C56-4CDC-A9D5-65022A96297B}.AppStore|x86.ActiveCfg = Release|Any CPU
		{6C2894C9-9C56-4CDC-A9D5-65022A96297B}.AppStore|x86.Build.0 = Release|Any CPU
		{6C2894C9-9C56-4CDC-A9D5-65022A96297B}.Debug|Any CPU.ActiveCfg = Debug|Any CPU
		{6C2894C9-9C56-4CDC-A9D5-65022A96297B}.Debug|Any CPU.Build.0 = Debug|Any CPU
		{6C2894C9-9C56-4CDC-A9D5-65022A96297B}.Debug|ARM.ActiveCfg = Debug|Any CPU
		{6C2894C9-9C56-4CDC-A9D5-65022A96297B}.Debug|ARM.Build.0 = Debug|Any CPU
		{6C2894C9-9C56-4CDC-A9D5-65022A96297B}.Debug|iPhone.ActiveCfg = Debug|Any CPU
		{6C2894C9-9C56-4CDC-A9D5-65022A96297B}.Debug|iPhone.Build.0 = Debug|Any CPU
		{6C2894C9-9C56-4CDC-A9D5-65022A96297B}.Debug|iPhoneSimulator.ActiveCfg = Debug|Any CPU
		{6C2894C9-9C56-4CDC-A9D5-65022A96297B}.Debug|iPhoneSimulator.Build.0 = Debug|Any CPU
		{6C2894C9-9C56-4CDC-A9D5-65022A96297B}.Debug|x64.ActiveCfg = Debug|Any CPU
		{6C2894C9-9C56-4CDC-A9D5-65022A96297B}.Debug|x64.Build.0 = Debug|Any CPU
		{6C2894C9-9C56-4CDC-A9D5-65022A96297B}.Debug|x86.ActiveCfg = Debug|Any CPU
		{6C2894C9-9C56-4CDC-A9D5-65022A96297B}.Debug|x86.Build.0 = Debug|Any CPU
		{6C2894C9-9C56-4CDC-A9D5-65022A96297B}.Release|Any CPU.ActiveCfg = Release|Any CPU
		{6C2894C9-9C56-4CDC-A9D5-65022A96297B}.Release|Any CPU.Build.0 = Release|Any CPU
		{6C2894C9-9C56-4CDC-A9D5-65022A96297B}.Release|ARM.ActiveCfg = Release|Any CPU
		{6C2894C9-9C56-4CDC-A9D5-65022A96297B}.Release|ARM.Build.0 = Release|Any CPU
		{6C2894C9-9C56-4CDC-A9D5-65022A96297B}.Release|iPhone.ActiveCfg = Release|Any CPU
		{6C2894C9-9C56-4CDC-A9D5-65022A96297B}.Release|iPhone.Build.0 = Release|Any CPU
		{6C2894C9-9C56-4CDC-A9D5-65022A96297B}.Release|iPhoneSimulator.ActiveCfg = Release|Any CPU
		{6C2894C9-9C56-4CDC-A9D5-65022A96297B}.Release|iPhoneSimulator.Build.0 = Release|Any CPU
		{6C2894C9-9C56-4CDC-A9D5-65022A96297B}.Release|x64.ActiveCfg = Release|Any CPU
		{6C2894C9-9C56-4CDC-A9D5-65022A96297B}.Release|x64.Build.0 = Release|Any CPU
		{6C2894C9-9C56-4CDC-A9D5-65022A96297B}.Release|x86.ActiveCfg = Release|Any CPU
		{6C2894C9-9C56-4CDC-A9D5-65022A96297B}.Release|x86.Build.0 = Release|Any CPU
		{A8E3199B-2657-4D2C-A3B5-3FA99C63B6C2}.Ad-Hoc|Any CPU.ActiveCfg = Release|Any CPU
		{A8E3199B-2657-4D2C-A3B5-3FA99C63B6C2}.Ad-Hoc|Any CPU.Build.0 = Release|Any CPU
		{A8E3199B-2657-4D2C-A3B5-3FA99C63B6C2}.Ad-Hoc|ARM.ActiveCfg = Release|Any CPU
		{A8E3199B-2657-4D2C-A3B5-3FA99C63B6C2}.Ad-Hoc|ARM.Build.0 = Release|Any CPU
		{A8E3199B-2657-4D2C-A3B5-3FA99C63B6C2}.Ad-Hoc|iPhone.ActiveCfg = Release|Any CPU
		{A8E3199B-2657-4D2C-A3B5-3FA99C63B6C2}.Ad-Hoc|iPhone.Build.0 = Release|Any CPU
		{A8E3199B-2657-4D2C-A3B5-3FA99C63B6C2}.Ad-Hoc|iPhoneSimulator.ActiveCfg = Release|Any CPU
		{A8E3199B-2657-4D2C-A3B5-3FA99C63B6C2}.Ad-Hoc|iPhoneSimulator.Build.0 = Release|Any CPU
		{A8E3199B-2657-4D2C-A3B5-3FA99C63B6C2}.Ad-Hoc|x64.ActiveCfg = Release|Any CPU
		{A8E3199B-2657-4D2C-A3B5-3FA99C63B6C2}.Ad-Hoc|x64.Build.0 = Release|Any CPU
		{A8E3199B-2657-4D2C-A3B5-3FA99C63B6C2}.Ad-Hoc|x86.ActiveCfg = Release|Any CPU
		{A8E3199B-2657-4D2C-A3B5-3FA99C63B6C2}.Ad-Hoc|x86.Build.0 = Release|Any CPU
		{A8E3199B-2657-4D2C-A3B5-3FA99C63B6C2}.AppStore|Any CPU.ActiveCfg = Release|Any CPU
		{A8E3199B-2657-4D2C-A3B5-3FA99C63B6C2}.AppStore|Any CPU.Build.0 = Release|Any CPU
		{A8E3199B-2657-4D2C-A3B5-3FA99C63B6C2}.AppStore|ARM.ActiveCfg = Release|Any CPU
		{A8E3199B-2657-4D2C-A3B5-3FA99C63B6C2}.AppStore|ARM.Build.0 = Release|Any CPU
		{A8E3199B-2657-4D2C-A3B5-3FA99C63B6C2}.AppStore|iPhone.ActiveCfg = Release|Any CPU
		{A8E3199B-2657-4D2C-A3B5-3FA99C63B6C2}.AppStore|iPhone.Build.0 = Release|Any CPU
		{A8E3199B-2657-4D2C-A3B5-3FA99C63B6C2}.AppStore|iPhoneSimulator.ActiveCfg = Release|Any CPU
		{A8E3199B-2657-4D2C-A3B5-3FA99C63B6C2}.AppStore|iPhoneSimulator.Build.0 = Release|Any CPU
		{A8E3199B-2657-4D2C-A3B5-3FA99C63B6C2}.AppStore|x64.ActiveCfg = Release|Any CPU
		{A8E3199B-2657-4D2C-A3B5-3FA99C63B6C2}.AppStore|x64.Build.0 = Release|Any CPU
		{A8E3199B-2657-4D2C-A3B5-3FA99C63B6C2}.AppStore|x86.ActiveCfg = Release|Any CPU
		{A8E3199B-2657-4D2C-A3B5-3FA99C63B6C2}.AppStore|x86.Build.0 = Release|Any CPU
		{A8E3199B-2657-4D2C-A3B5-3FA99C63B6C2}.Debug|Any CPU.ActiveCfg = Debug|Any CPU
		{A8E3199B-2657-4D2C-A3B5-3FA99C63B6C2}.Debug|Any CPU.Build.0 = Debug|Any CPU
		{A8E3199B-2657-4D2C-A3B5-3FA99C63B6C2}.Debug|ARM.ActiveCfg = Debug|Any CPU
		{A8E3199B-2657-4D2C-A3B5-3FA99C63B6C2}.Debug|ARM.Build.0 = Debug|Any CPU
		{A8E3199B-2657-4D2C-A3B5-3FA99C63B6C2}.Debug|iPhone.ActiveCfg = Debug|Any CPU
		{A8E3199B-2657-4D2C-A3B5-3FA99C63B6C2}.Debug|iPhone.Build.0 = Debug|Any CPU
		{A8E3199B-2657-4D2C-A3B5-3FA99C63B6C2}.Debug|iPhoneSimulator.ActiveCfg = Debug|Any CPU
		{A8E3199B-2657-4D2C-A3B5-3FA99C63B6C2}.Debug|iPhoneSimulator.Build.0 = Debug|Any CPU
		{A8E3199B-2657-4D2C-A3B5-3FA99C63B6C2}.Debug|x64.ActiveCfg = Debug|Any CPU
		{A8E3199B-2657-4D2C-A3B5-3FA99C63B6C2}.Debug|x64.Build.0 = Debug|Any CPU
		{A8E3199B-2657-4D2C-A3B5-3FA99C63B6C2}.Debug|x86.ActiveCfg = Debug|Any CPU
		{A8E3199B-2657-4D2C-A3B5-3FA99C63B6C2}.Debug|x86.Build.0 = Debug|Any CPU
		{A8E3199B-2657-4D2C-A3B5-3FA99C63B6C2}.Release|Any CPU.ActiveCfg = Release|Any CPU
		{A8E3199B-2657-4D2C-A3B5-3FA99C63B6C2}.Release|Any CPU.Build.0 = Release|Any CPU
		{A8E3199B-2657-4D2C-A3B5-3FA99C63B6C2}.Release|ARM.ActiveCfg = Release|Any CPU
		{A8E3199B-2657-4D2C-A3B5-3FA99C63B6C2}.Release|ARM.Build.0 = Release|Any CPU
		{A8E3199B-2657-4D2C-A3B5-3FA99C63B6C2}.Release|iPhone.ActiveCfg = Release|Any CPU
		{A8E3199B-2657-4D2C-A3B5-3FA99C63B6C2}.Release|iPhone.Build.0 = Release|Any CPU
		{A8E3199B-2657-4D2C-A3B5-3FA99C63B6C2}.Release|iPhoneSimulator.ActiveCfg = Release|Any CPU
		{A8E3199B-2657-4D2C-A3B5-3FA99C63B6C2}.Release|iPhoneSimulator.Build.0 = Release|Any CPU
		{A8E3199B-2657-4D2C-A3B5-3FA99C63B6C2}.Release|x64.ActiveCfg = Release|Any CPU
		{A8E3199B-2657-4D2C-A3B5-3FA99C63B6C2}.Release|x64.Build.0 = Release|Any CPU
		{A8E3199B-2657-4D2C-A3B5-3FA99C63B6C2}.Release|x86.ActiveCfg = Release|Any CPU
		{A8E3199B-2657-4D2C-A3B5-3FA99C63B6C2}.Release|x86.Build.0 = Release|Any CPU
		{2D6A2D15-7789-495D-9BFB-118845C7B0F3}.Ad-Hoc|Any CPU.ActiveCfg = Release|Any CPU
		{2D6A2D15-7789-495D-9BFB-118845C7B0F3}.Ad-Hoc|Any CPU.Build.0 = Release|Any CPU
		{2D6A2D15-7789-495D-9BFB-118845C7B0F3}.Ad-Hoc|ARM.ActiveCfg = Release|Any CPU
		{2D6A2D15-7789-495D-9BFB-118845C7B0F3}.Ad-Hoc|ARM.Build.0 = Release|Any CPU
		{2D6A2D15-7789-495D-9BFB-118845C7B0F3}.Ad-Hoc|iPhone.ActiveCfg = Release|Any CPU
		{2D6A2D15-7789-495D-9BFB-118845C7B0F3}.Ad-Hoc|iPhone.Build.0 = Release|Any CPU
		{2D6A2D15-7789-495D-9BFB-118845C7B0F3}.Ad-Hoc|iPhoneSimulator.ActiveCfg = Release|Any CPU
		{2D6A2D15-7789-495D-9BFB-118845C7B0F3}.Ad-Hoc|iPhoneSimulator.Build.0 = Release|Any CPU
		{2D6A2D15-7789-495D-9BFB-118845C7B0F3}.Ad-Hoc|x64.ActiveCfg = Release|Any CPU
		{2D6A2D15-7789-495D-9BFB-118845C7B0F3}.Ad-Hoc|x64.Build.0 = Release|Any CPU
		{2D6A2D15-7789-495D-9BFB-118845C7B0F3}.Ad-Hoc|x86.ActiveCfg = Release|Any CPU
		{2D6A2D15-7789-495D-9BFB-118845C7B0F3}.Ad-Hoc|x86.Build.0 = Release|Any CPU
		{2D6A2D15-7789-495D-9BFB-118845C7B0F3}.AppStore|Any CPU.ActiveCfg = Release|Any CPU
		{2D6A2D15-7789-495D-9BFB-118845C7B0F3}.AppStore|Any CPU.Build.0 = Release|Any CPU
		{2D6A2D15-7789-495D-9BFB-118845C7B0F3}.AppStore|ARM.ActiveCfg = Release|Any CPU
		{2D6A2D15-7789-495D-9BFB-118845C7B0F3}.AppStore|ARM.Build.0 = Release|Any CPU
		{2D6A2D15-7789-495D-9BFB-118845C7B0F3}.AppStore|iPhone.ActiveCfg = Release|Any CPU
		{2D6A2D15-7789-495D-9BFB-118845C7B0F3}.AppStore|iPhone.Build.0 = Release|Any CPU
		{2D6A2D15-7789-495D-9BFB-118845C7B0F3}.AppStore|iPhoneSimulator.ActiveCfg = Release|Any CPU
		{2D6A2D15-7789-495D-9BFB-118845C7B0F3}.AppStore|iPhoneSimulator.Build.0 = Release|Any CPU
		{2D6A2D15-7789-495D-9BFB-118845C7B0F3}.AppStore|x64.ActiveCfg = Release|Any CPU
		{2D6A2D15-7789-495D-9BFB-118845C7B0F3}.AppStore|x64.Build.0 = Release|Any CPU
		{2D6A2D15-7789-495D-9BFB-118845C7B0F3}.AppStore|x86.ActiveCfg = Release|Any CPU
		{2D6A2D15-7789-495D-9BFB-118845C7B0F3}.AppStore|x86.Build.0 = Release|Any CPU
		{2D6A2D15-7789-495D-9BFB-118845C7B0F3}.Debug|Any CPU.ActiveCfg = Debug|Any CPU
		{2D6A2D15-7789-495D-9BFB-118845C7B0F3}.Debug|Any CPU.Build.0 = Debug|Any CPU
		{2D6A2D15-7789-495D-9BFB-118845C7B0F3}.Debug|ARM.ActiveCfg = Debug|Any CPU
		{2D6A2D15-7789-495D-9BFB-118845C7B0F3}.Debug|ARM.Build.0 = Debug|Any CPU
		{2D6A2D15-7789-495D-9BFB-118845C7B0F3}.Debug|iPhone.ActiveCfg = Debug|Any CPU
		{2D6A2D15-7789-495D-9BFB-118845C7B0F3}.Debug|iPhone.Build.0 = Debug|Any CPU
		{2D6A2D15-7789-495D-9BFB-118845C7B0F3}.Debug|iPhoneSimulator.ActiveCfg = Debug|Any CPU
		{2D6A2D15-7789-495D-9BFB-118845C7B0F3}.Debug|iPhoneSimulator.Build.0 = Debug|Any CPU
		{2D6A2D15-7789-495D-9BFB-118845C7B0F3}.Debug|x64.ActiveCfg = Debug|Any CPU
		{2D6A2D15-7789-495D-9BFB-118845C7B0F3}.Debug|x64.Build.0 = Debug|Any CPU
		{2D6A2D15-7789-495D-9BFB-118845C7B0F3}.Debug|x86.ActiveCfg = Debug|Any CPU
		{2D6A2D15-7789-495D-9BFB-118845C7B0F3}.Debug|x86.Build.0 = Debug|Any CPU
		{2D6A2D15-7789-495D-9BFB-118845C7B0F3}.Release|Any CPU.ActiveCfg = Release|Any CPU
		{2D6A2D15-7789-495D-9BFB-118845C7B0F3}.Release|Any CPU.Build.0 = Release|Any CPU
		{2D6A2D15-7789-495D-9BFB-118845C7B0F3}.Release|ARM.ActiveCfg = Release|Any CPU
		{2D6A2D15-7789-495D-9BFB-118845C7B0F3}.Release|ARM.Build.0 = Release|Any CPU
		{2D6A2D15-7789-495D-9BFB-118845C7B0F3}.Release|iPhone.ActiveCfg = Release|Any CPU
		{2D6A2D15-7789-495D-9BFB-118845C7B0F3}.Release|iPhone.Build.0 = Release|Any CPU
		{2D6A2D15-7789-495D-9BFB-118845C7B0F3}.Release|iPhoneSimulator.ActiveCfg = Release|Any CPU
		{2D6A2D15-7789-495D-9BFB-118845C7B0F3}.Release|iPhoneSimulator.Build.0 = Release|Any CPU
		{2D6A2D15-7789-495D-9BFB-118845C7B0F3}.Release|x64.ActiveCfg = Release|Any CPU
		{2D6A2D15-7789-495D-9BFB-118845C7B0F3}.Release|x64.Build.0 = Release|Any CPU
		{2D6A2D15-7789-495D-9BFB-118845C7B0F3}.Release|x86.ActiveCfg = Release|Any CPU
		{2D6A2D15-7789-495D-9BFB-118845C7B0F3}.Release|x86.Build.0 = Release|Any CPU
		{82EB09BC-33F4-4B39-9E64-23DB684E0DCE}.Ad-Hoc|Any CPU.ActiveCfg = Release|Any CPU
		{82EB09BC-33F4-4B39-9E64-23DB684E0DCE}.Ad-Hoc|Any CPU.Build.0 = Release|Any CPU
		{82EB09BC-33F4-4B39-9E64-23DB684E0DCE}.Ad-Hoc|ARM.ActiveCfg = Release|Any CPU
		{82EB09BC-33F4-4B39-9E64-23DB684E0DCE}.Ad-Hoc|ARM.Build.0 = Release|Any CPU
		{82EB09BC-33F4-4B39-9E64-23DB684E0DCE}.Ad-Hoc|iPhone.ActiveCfg = Release|Any CPU
		{82EB09BC-33F4-4B39-9E64-23DB684E0DCE}.Ad-Hoc|iPhone.Build.0 = Release|Any CPU
		{82EB09BC-33F4-4B39-9E64-23DB684E0DCE}.Ad-Hoc|iPhoneSimulator.ActiveCfg = Release|Any CPU
		{82EB09BC-33F4-4B39-9E64-23DB684E0DCE}.Ad-Hoc|iPhoneSimulator.Build.0 = Release|Any CPU
		{82EB09BC-33F4-4B39-9E64-23DB684E0DCE}.Ad-Hoc|x64.ActiveCfg = Release|Any CPU
		{82EB09BC-33F4-4B39-9E64-23DB684E0DCE}.Ad-Hoc|x64.Build.0 = Release|Any CPU
		{82EB09BC-33F4-4B39-9E64-23DB684E0DCE}.Ad-Hoc|x86.ActiveCfg = Release|Any CPU
		{82EB09BC-33F4-4B39-9E64-23DB684E0DCE}.Ad-Hoc|x86.Build.0 = Release|Any CPU
		{82EB09BC-33F4-4B39-9E64-23DB684E0DCE}.AppStore|Any CPU.ActiveCfg = Release|Any CPU
		{82EB09BC-33F4-4B39-9E64-23DB684E0DCE}.AppStore|Any CPU.Build.0 = Release|Any CPU
		{82EB09BC-33F4-4B39-9E64-23DB684E0DCE}.AppStore|ARM.ActiveCfg = Release|Any CPU
		{82EB09BC-33F4-4B39-9E64-23DB684E0DCE}.AppStore|ARM.Build.0 = Release|Any CPU
		{82EB09BC-33F4-4B39-9E64-23DB684E0DCE}.AppStore|iPhone.ActiveCfg = Release|Any CPU
		{82EB09BC-33F4-4B39-9E64-23DB684E0DCE}.AppStore|iPhone.Build.0 = Release|Any CPU
		{82EB09BC-33F4-4B39-9E64-23DB684E0DCE}.AppStore|iPhoneSimulator.ActiveCfg = Release|Any CPU
		{82EB09BC-33F4-4B39-9E64-23DB684E0DCE}.AppStore|iPhoneSimulator.Build.0 = Release|Any CPU
		{82EB09BC-33F4-4B39-9E64-23DB684E0DCE}.AppStore|x64.ActiveCfg = Release|Any CPU
		{82EB09BC-33F4-4B39-9E64-23DB684E0DCE}.AppStore|x64.Build.0 = Release|Any CPU
		{82EB09BC-33F4-4B39-9E64-23DB684E0DCE}.AppStore|x86.ActiveCfg = Release|Any CPU
		{82EB09BC-33F4-4B39-9E64-23DB684E0DCE}.AppStore|x86.Build.0 = Release|Any CPU
		{82EB09BC-33F4-4B39-9E64-23DB684E0DCE}.Debug|Any CPU.ActiveCfg = Debug|Any CPU
		{82EB09BC-33F4-4B39-9E64-23DB684E0DCE}.Debug|Any CPU.Build.0 = Debug|Any CPU
		{82EB09BC-33F4-4B39-9E64-23DB684E0DCE}.Debug|ARM.ActiveCfg = Debug|Any CPU
		{82EB09BC-33F4-4B39-9E64-23DB684E0DCE}.Debug|ARM.Build.0 = Debug|Any CPU
		{82EB09BC-33F4-4B39-9E64-23DB684E0DCE}.Debug|iPhone.ActiveCfg = Debug|Any CPU
		{82EB09BC-33F4-4B39-9E64-23DB684E0DCE}.Debug|iPhone.Build.0 = Debug|Any CPU
		{82EB09BC-33F4-4B39-9E64-23DB684E0DCE}.Debug|iPhoneSimulator.ActiveCfg = Debug|Any CPU
		{82EB09BC-33F4-4B39-9E64-23DB684E0DCE}.Debug|iPhoneSimulator.Build.0 = Debug|Any CPU
		{82EB09BC-33F4-4B39-9E64-23DB684E0DCE}.Debug|x64.ActiveCfg = Debug|Any CPU
		{82EB09BC-33F4-4B39-9E64-23DB684E0DCE}.Debug|x64.Build.0 = Debug|Any CPU
		{82EB09BC-33F4-4B39-9E64-23DB684E0DCE}.Debug|x86.ActiveCfg = Debug|Any CPU
		{82EB09BC-33F4-4B39-9E64-23DB684E0DCE}.Debug|x86.Build.0 = Debug|Any CPU
		{82EB09BC-33F4-4B39-9E64-23DB684E0DCE}.Release|Any CPU.ActiveCfg = Release|Any CPU
		{82EB09BC-33F4-4B39-9E64-23DB684E0DCE}.Release|Any CPU.Build.0 = Release|Any CPU
		{82EB09BC-33F4-4B39-9E64-23DB684E0DCE}.Release|ARM.ActiveCfg = Release|Any CPU
		{82EB09BC-33F4-4B39-9E64-23DB684E0DCE}.Release|ARM.Build.0 = Release|Any CPU
		{82EB09BC-33F4-4B39-9E64-23DB684E0DCE}.Release|iPhone.ActiveCfg = Release|Any CPU
		{82EB09BC-33F4-4B39-9E64-23DB684E0DCE}.Release|iPhone.Build.0 = Release|Any CPU
		{82EB09BC-33F4-4B39-9E64-23DB684E0DCE}.Release|iPhoneSimulator.ActiveCfg = Release|Any CPU
		{82EB09BC-33F4-4B39-9E64-23DB684E0DCE}.Release|iPhoneSimulator.Build.0 = Release|Any CPU
		{82EB09BC-33F4-4B39-9E64-23DB684E0DCE}.Release|x64.ActiveCfg = Release|Any CPU
		{82EB09BC-33F4-4B39-9E64-23DB684E0DCE}.Release|x64.Build.0 = Release|Any CPU
		{82EB09BC-33F4-4B39-9E64-23DB684E0DCE}.Release|x86.ActiveCfg = Release|Any CPU
		{82EB09BC-33F4-4B39-9E64-23DB684E0DCE}.Release|x86.Build.0 = Release|Any CPU
		{2F1D5908-FAD4-43D5-96D5-48A96BE1955B}.Ad-Hoc|Any CPU.ActiveCfg = Release|Any CPU
		{2F1D5908-FAD4-43D5-96D5-48A96BE1955B}.Ad-Hoc|Any CPU.Build.0 = Release|Any CPU
		{2F1D5908-FAD4-43D5-96D5-48A96BE1955B}.Ad-Hoc|ARM.ActiveCfg = Release|Any CPU
		{2F1D5908-FAD4-43D5-96D5-48A96BE1955B}.Ad-Hoc|ARM.Build.0 = Release|Any CPU
		{2F1D5908-FAD4-43D5-96D5-48A96BE1955B}.Ad-Hoc|iPhone.ActiveCfg = Release|Any CPU
		{2F1D5908-FAD4-43D5-96D5-48A96BE1955B}.Ad-Hoc|iPhone.Build.0 = Release|Any CPU
		{2F1D5908-FAD4-43D5-96D5-48A96BE1955B}.Ad-Hoc|iPhoneSimulator.ActiveCfg = Release|Any CPU
		{2F1D5908-FAD4-43D5-96D5-48A96BE1955B}.Ad-Hoc|iPhoneSimulator.Build.0 = Release|Any CPU
		{2F1D5908-FAD4-43D5-96D5-48A96BE1955B}.Ad-Hoc|x64.ActiveCfg = Release|Any CPU
		{2F1D5908-FAD4-43D5-96D5-48A96BE1955B}.Ad-Hoc|x64.Build.0 = Release|Any CPU
		{2F1D5908-FAD4-43D5-96D5-48A96BE1955B}.Ad-Hoc|x86.ActiveCfg = Release|Any CPU
		{2F1D5908-FAD4-43D5-96D5-48A96BE1955B}.Ad-Hoc|x86.Build.0 = Release|Any CPU
		{2F1D5908-FAD4-43D5-96D5-48A96BE1955B}.AppStore|Any CPU.ActiveCfg = Release|Any CPU
		{2F1D5908-FAD4-43D5-96D5-48A96BE1955B}.AppStore|Any CPU.Build.0 = Release|Any CPU
		{2F1D5908-FAD4-43D5-96D5-48A96BE1955B}.AppStore|ARM.ActiveCfg = Release|Any CPU
		{2F1D5908-FAD4-43D5-96D5-48A96BE1955B}.AppStore|ARM.Build.0 = Release|Any CPU
		{2F1D5908-FAD4-43D5-96D5-48A96BE1955B}.AppStore|iPhone.ActiveCfg = Release|Any CPU
		{2F1D5908-FAD4-43D5-96D5-48A96BE1955B}.AppStore|iPhone.Build.0 = Release|Any CPU
		{2F1D5908-FAD4-43D5-96D5-48A96BE1955B}.AppStore|iPhoneSimulator.ActiveCfg = Release|Any CPU
		{2F1D5908-FAD4-43D5-96D5-48A96BE1955B}.AppStore|iPhoneSimulator.Build.0 = Release|Any CPU
		{2F1D5908-FAD4-43D5-96D5-48A96BE1955B}.AppStore|x64.ActiveCfg = Release|Any CPU
		{2F1D5908-FAD4-43D5-96D5-48A96BE1955B}.AppStore|x64.Build.0 = Release|Any CPU
		{2F1D5908-FAD4-43D5-96D5-48A96BE1955B}.AppStore|x86.ActiveCfg = Release|Any CPU
		{2F1D5908-FAD4-43D5-96D5-48A96BE1955B}.AppStore|x86.Build.0 = Release|Any CPU
		{2F1D5908-FAD4-43D5-96D5-48A96BE1955B}.Debug|Any CPU.ActiveCfg = Debug|Any CPU
		{2F1D5908-FAD4-43D5-96D5-48A96BE1955B}.Debug|Any CPU.Build.0 = Debug|Any CPU
		{2F1D5908-FAD4-43D5-96D5-48A96BE1955B}.Debug|ARM.ActiveCfg = Debug|Any CPU
		{2F1D5908-FAD4-43D5-96D5-48A96BE1955B}.Debug|ARM.Build.0 = Debug|Any CPU
		{2F1D5908-FAD4-43D5-96D5-48A96BE1955B}.Debug|iPhone.ActiveCfg = Debug|Any CPU
		{2F1D5908-FAD4-43D5-96D5-48A96BE1955B}.Debug|iPhone.Build.0 = Debug|Any CPU
		{2F1D5908-FAD4-43D5-96D5-48A96BE1955B}.Debug|iPhoneSimulator.ActiveCfg = Debug|Any CPU
		{2F1D5908-FAD4-43D5-96D5-48A96BE1955B}.Debug|iPhoneSimulator.Build.0 = Debug|Any CPU
		{2F1D5908-FAD4-43D5-96D5-48A96BE1955B}.Debug|x64.ActiveCfg = Debug|Any CPU
		{2F1D5908-FAD4-43D5-96D5-48A96BE1955B}.Debug|x64.Build.0 = Debug|Any CPU
		{2F1D5908-FAD4-43D5-96D5-48A96BE1955B}.Debug|x86.ActiveCfg = Debug|Any CPU
		{2F1D5908-FAD4-43D5-96D5-48A96BE1955B}.Debug|x86.Build.0 = Debug|Any CPU
		{2F1D5908-FAD4-43D5-96D5-48A96BE1955B}.Release|Any CPU.ActiveCfg = Release|Any CPU
		{2F1D5908-FAD4-43D5-96D5-48A96BE1955B}.Release|Any CPU.Build.0 = Release|Any CPU
		{2F1D5908-FAD4-43D5-96D5-48A96BE1955B}.Release|ARM.ActiveCfg = Release|Any CPU
		{2F1D5908-FAD4-43D5-96D5-48A96BE1955B}.Release|ARM.Build.0 = Release|Any CPU
		{2F1D5908-FAD4-43D5-96D5-48A96BE1955B}.Release|iPhone.ActiveCfg = Release|Any CPU
		{2F1D5908-FAD4-43D5-96D5-48A96BE1955B}.Release|iPhone.Build.0 = Release|Any CPU
		{2F1D5908-FAD4-43D5-96D5-48A96BE1955B}.Release|iPhoneSimulator.ActiveCfg = Release|Any CPU
		{2F1D5908-FAD4-43D5-96D5-48A96BE1955B}.Release|iPhoneSimulator.Build.0 = Release|Any CPU
		{2F1D5908-FAD4-43D5-96D5-48A96BE1955B}.Release|x64.ActiveCfg = Release|Any CPU
		{2F1D5908-FAD4-43D5-96D5-48A96BE1955B}.Release|x64.Build.0 = Release|Any CPU
		{2F1D5908-FAD4-43D5-96D5-48A96BE1955B}.Release|x86.ActiveCfg = Release|Any CPU
		{2F1D5908-FAD4-43D5-96D5-48A96BE1955B}.Release|x86.Build.0 = Release|Any CPU
		{87064E20-D053-4FB9-8CC3-A69F3FC4B1FA}.Ad-Hoc|Any CPU.ActiveCfg = Release|Any CPU
		{87064E20-D053-4FB9-8CC3-A69F3FC4B1FA}.Ad-Hoc|Any CPU.Build.0 = Release|Any CPU
		{87064E20-D053-4FB9-8CC3-A69F3FC4B1FA}.Ad-Hoc|ARM.ActiveCfg = Release|Any CPU
		{87064E20-D053-4FB9-8CC3-A69F3FC4B1FA}.Ad-Hoc|ARM.Build.0 = Release|Any CPU
		{87064E20-D053-4FB9-8CC3-A69F3FC4B1FA}.Ad-Hoc|iPhone.ActiveCfg = Release|Any CPU
		{87064E20-D053-4FB9-8CC3-A69F3FC4B1FA}.Ad-Hoc|iPhone.Build.0 = Release|Any CPU
		{87064E20-D053-4FB9-8CC3-A69F3FC4B1FA}.Ad-Hoc|iPhoneSimulator.ActiveCfg = Release|Any CPU
		{87064E20-D053-4FB9-8CC3-A69F3FC4B1FA}.Ad-Hoc|iPhoneSimulator.Build.0 = Release|Any CPU
		{87064E20-D053-4FB9-8CC3-A69F3FC4B1FA}.Ad-Hoc|x64.ActiveCfg = Release|Any CPU
		{87064E20-D053-4FB9-8CC3-A69F3FC4B1FA}.Ad-Hoc|x64.Build.0 = Release|Any CPU
		{87064E20-D053-4FB9-8CC3-A69F3FC4B1FA}.Ad-Hoc|x86.ActiveCfg = Release|Any CPU
		{87064E20-D053-4FB9-8CC3-A69F3FC4B1FA}.Ad-Hoc|x86.Build.0 = Release|Any CPU
		{87064E20-D053-4FB9-8CC3-A69F3FC4B1FA}.AppStore|Any CPU.ActiveCfg = Release|Any CPU
		{87064E20-D053-4FB9-8CC3-A69F3FC4B1FA}.AppStore|Any CPU.Build.0 = Release|Any CPU
		{87064E20-D053-4FB9-8CC3-A69F3FC4B1FA}.AppStore|ARM.ActiveCfg = Release|Any CPU
		{87064E20-D053-4FB9-8CC3-A69F3FC4B1FA}.AppStore|ARM.Build.0 = Release|Any CPU
		{87064E20-D053-4FB9-8CC3-A69F3FC4B1FA}.AppStore|iPhone.ActiveCfg = Release|Any CPU
		{87064E20-D053-4FB9-8CC3-A69F3FC4B1FA}.AppStore|iPhone.Build.0 = Release|Any CPU
		{87064E20-D053-4FB9-8CC3-A69F3FC4B1FA}.AppStore|iPhoneSimulator.ActiveCfg = Release|Any CPU
		{87064E20-D053-4FB9-8CC3-A69F3FC4B1FA}.AppStore|iPhoneSimulator.Build.0 = Release|Any CPU
		{87064E20-D053-4FB9-8CC3-A69F3FC4B1FA}.AppStore|x64.ActiveCfg = Release|Any CPU
		{87064E20-D053-4FB9-8CC3-A69F3FC4B1FA}.AppStore|x64.Build.0 = Release|Any CPU
		{87064E20-D053-4FB9-8CC3-A69F3FC4B1FA}.AppStore|x86.ActiveCfg = Release|Any CPU
		{87064E20-D053-4FB9-8CC3-A69F3FC4B1FA}.AppStore|x86.Build.0 = Release|Any CPU
		{87064E20-D053-4FB9-8CC3-A69F3FC4B1FA}.Debug|Any CPU.ActiveCfg = Debug|Any CPU
		{87064E20-D053-4FB9-8CC3-A69F3FC4B1FA}.Debug|Any CPU.Build.0 = Debug|Any CPU
		{87064E20-D053-4FB9-8CC3-A69F3FC4B1FA}.Debug|ARM.ActiveCfg = Debug|Any CPU
		{87064E20-D053-4FB9-8CC3-A69F3FC4B1FA}.Debug|ARM.Build.0 = Debug|Any CPU
		{87064E20-D053-4FB9-8CC3-A69F3FC4B1FA}.Debug|iPhone.ActiveCfg = Debug|Any CPU
		{87064E20-D053-4FB9-8CC3-A69F3FC4B1FA}.Debug|iPhone.Build.0 = Debug|Any CPU
		{87064E20-D053-4FB9-8CC3-A69F3FC4B1FA}.Debug|iPhoneSimulator.ActiveCfg = Debug|Any CPU
		{87064E20-D053-4FB9-8CC3-A69F3FC4B1FA}.Debug|iPhoneSimulator.Build.0 = Debug|Any CPU
		{87064E20-D053-4FB9-8CC3-A69F3FC4B1FA}.Debug|x64.ActiveCfg = Debug|Any CPU
		{87064E20-D053-4FB9-8CC3-A69F3FC4B1FA}.Debug|x64.Build.0 = Debug|Any CPU
		{87064E20-D053-4FB9-8CC3-A69F3FC4B1FA}.Debug|x86.ActiveCfg = Debug|Any CPU
		{87064E20-D053-4FB9-8CC3-A69F3FC4B1FA}.Debug|x86.Build.0 = Debug|Any CPU
		{87064E20-D053-4FB9-8CC3-A69F3FC4B1FA}.Release|Any CPU.ActiveCfg = Release|Any CPU
		{87064E20-D053-4FB9-8CC3-A69F3FC4B1FA}.Release|Any CPU.Build.0 = Release|Any CPU
		{87064E20-D053-4FB9-8CC3-A69F3FC4B1FA}.Release|ARM.ActiveCfg = Release|Any CPU
		{87064E20-D053-4FB9-8CC3-A69F3FC4B1FA}.Release|ARM.Build.0 = Release|Any CPU
		{87064E20-D053-4FB9-8CC3-A69F3FC4B1FA}.Release|iPhone.ActiveCfg = Release|Any CPU
		{87064E20-D053-4FB9-8CC3-A69F3FC4B1FA}.Release|iPhone.Build.0 = Release|Any CPU
		{87064E20-D053-4FB9-8CC3-A69F3FC4B1FA}.Release|iPhoneSimulator.ActiveCfg = Release|Any CPU
		{87064E20-D053-4FB9-8CC3-A69F3FC4B1FA}.Release|iPhoneSimulator.Build.0 = Release|Any CPU
		{87064E20-D053-4FB9-8CC3-A69F3FC4B1FA}.Release|x64.ActiveCfg = Release|Any CPU
		{87064E20-D053-4FB9-8CC3-A69F3FC4B1FA}.Release|x64.Build.0 = Release|Any CPU
		{87064E20-D053-4FB9-8CC3-A69F3FC4B1FA}.Release|x86.ActiveCfg = Release|Any CPU
		{87064E20-D053-4FB9-8CC3-A69F3FC4B1FA}.Release|x86.Build.0 = Release|Any CPU
		{10E57D29-5324-4820-9E23-2D17A11E97A8}.Ad-Hoc|Any CPU.ActiveCfg = Release|Any CPU
		{10E57D29-5324-4820-9E23-2D17A11E97A8}.Ad-Hoc|Any CPU.Build.0 = Release|Any CPU
		{10E57D29-5324-4820-9E23-2D17A11E97A8}.Ad-Hoc|ARM.ActiveCfg = Release|Any CPU
		{10E57D29-5324-4820-9E23-2D17A11E97A8}.Ad-Hoc|ARM.Build.0 = Release|Any CPU
		{10E57D29-5324-4820-9E23-2D17A11E97A8}.Ad-Hoc|iPhone.ActiveCfg = Release|Any CPU
		{10E57D29-5324-4820-9E23-2D17A11E97A8}.Ad-Hoc|iPhone.Build.0 = Release|Any CPU
		{10E57D29-5324-4820-9E23-2D17A11E97A8}.Ad-Hoc|iPhoneSimulator.ActiveCfg = Release|Any CPU
		{10E57D29-5324-4820-9E23-2D17A11E97A8}.Ad-Hoc|iPhoneSimulator.Build.0 = Release|Any CPU
		{10E57D29-5324-4820-9E23-2D17A11E97A8}.Ad-Hoc|x64.ActiveCfg = Release|Any CPU
		{10E57D29-5324-4820-9E23-2D17A11E97A8}.Ad-Hoc|x64.Build.0 = Release|Any CPU
		{10E57D29-5324-4820-9E23-2D17A11E97A8}.Ad-Hoc|x86.ActiveCfg = Release|Any CPU
		{10E57D29-5324-4820-9E23-2D17A11E97A8}.Ad-Hoc|x86.Build.0 = Release|Any CPU
		{10E57D29-5324-4820-9E23-2D17A11E97A8}.AppStore|Any CPU.ActiveCfg = Release|Any CPU
		{10E57D29-5324-4820-9E23-2D17A11E97A8}.AppStore|Any CPU.Build.0 = Release|Any CPU
		{10E57D29-5324-4820-9E23-2D17A11E97A8}.AppStore|ARM.ActiveCfg = Release|Any CPU
		{10E57D29-5324-4820-9E23-2D17A11E97A8}.AppStore|ARM.Build.0 = Release|Any CPU
		{10E57D29-5324-4820-9E23-2D17A11E97A8}.AppStore|iPhone.ActiveCfg = Release|Any CPU
		{10E57D29-5324-4820-9E23-2D17A11E97A8}.AppStore|iPhone.Build.0 = Release|Any CPU
		{10E57D29-5324-4820-9E23-2D17A11E97A8}.AppStore|iPhoneSimulator.ActiveCfg = Release|Any CPU
		{10E57D29-5324-4820-9E23-2D17A11E97A8}.AppStore|iPhoneSimulator.Build.0 = Release|Any CPU
		{10E57D29-5324-4820-9E23-2D17A11E97A8}.AppStore|x64.ActiveCfg = Release|Any CPU
		{10E57D29-5324-4820-9E23-2D17A11E97A8}.AppStore|x64.Build.0 = Release|Any CPU
		{10E57D29-5324-4820-9E23-2D17A11E97A8}.AppStore|x86.ActiveCfg = Release|Any CPU
		{10E57D29-5324-4820-9E23-2D17A11E97A8}.AppStore|x86.Build.0 = Release|Any CPU
		{10E57D29-5324-4820-9E23-2D17A11E97A8}.Debug|Any CPU.ActiveCfg = Debug|Any CPU
		{10E57D29-5324-4820-9E23-2D17A11E97A8}.Debug|Any CPU.Build.0 = Debug|Any CPU
		{10E57D29-5324-4820-9E23-2D17A11E97A8}.Debug|ARM.ActiveCfg = Debug|Any CPU
		{10E57D29-5324-4820-9E23-2D17A11E97A8}.Debug|ARM.Build.0 = Debug|Any CPU
		{10E57D29-5324-4820-9E23-2D17A11E97A8}.Debug|iPhone.ActiveCfg = Debug|Any CPU
		{10E57D29-5324-4820-9E23-2D17A11E97A8}.Debug|iPhone.Build.0 = Debug|Any CPU
		{10E57D29-5324-4820-9E23-2D17A11E97A8}.Debug|iPhoneSimulator.ActiveCfg = Debug|Any CPU
		{10E57D29-5324-4820-9E23-2D17A11E97A8}.Debug|iPhoneSimulator.Build.0 = Debug|Any CPU
		{10E57D29-5324-4820-9E23-2D17A11E97A8}.Debug|x64.ActiveCfg = Debug|Any CPU
		{10E57D29-5324-4820-9E23-2D17A11E97A8}.Debug|x64.Build.0 = Debug|Any CPU
		{10E57D29-5324-4820-9E23-2D17A11E97A8}.Debug|x86.ActiveCfg = Debug|Any CPU
		{10E57D29-5324-4820-9E23-2D17A11E97A8}.Debug|x86.Build.0 = Debug|Any CPU
		{10E57D29-5324-4820-9E23-2D17A11E97A8}.Release|Any CPU.ActiveCfg = Release|Any CPU
		{10E57D29-5324-4820-9E23-2D17A11E97A8}.Release|Any CPU.Build.0 = Release|Any CPU
		{10E57D29-5324-4820-9E23-2D17A11E97A8}.Release|ARM.ActiveCfg = Release|Any CPU
		{10E57D29-5324-4820-9E23-2D17A11E97A8}.Release|ARM.Build.0 = Release|Any CPU
		{10E57D29-5324-4820-9E23-2D17A11E97A8}.Release|iPhone.ActiveCfg = Release|Any CPU
		{10E57D29-5324-4820-9E23-2D17A11E97A8}.Release|iPhone.Build.0 = Release|Any CPU
		{10E57D29-5324-4820-9E23-2D17A11E97A8}.Release|iPhoneSimulator.ActiveCfg = Release|Any CPU
		{10E57D29-5324-4820-9E23-2D17A11E97A8}.Release|iPhoneSimulator.Build.0 = Release|Any CPU
		{10E57D29-5324-4820-9E23-2D17A11E97A8}.Release|x64.ActiveCfg = Release|Any CPU
		{10E57D29-5324-4820-9E23-2D17A11E97A8}.Release|x64.Build.0 = Release|Any CPU
		{10E57D29-5324-4820-9E23-2D17A11E97A8}.Release|x86.ActiveCfg = Release|Any CPU
		{10E57D29-5324-4820-9E23-2D17A11E97A8}.Release|x86.Build.0 = Release|Any CPU
		{2D4854C3-CE26-4365-AC67-522D8EDA43C9}.Ad-Hoc|Any CPU.ActiveCfg = Release|Any CPU
		{2D4854C3-CE26-4365-AC67-522D8EDA43C9}.Ad-Hoc|Any CPU.Build.0 = Release|Any CPU
		{2D4854C3-CE26-4365-AC67-522D8EDA43C9}.Ad-Hoc|ARM.ActiveCfg = Release|Any CPU
		{2D4854C3-CE26-4365-AC67-522D8EDA43C9}.Ad-Hoc|ARM.Build.0 = Release|Any CPU
		{2D4854C3-CE26-4365-AC67-522D8EDA43C9}.Ad-Hoc|iPhone.ActiveCfg = Release|Any CPU
		{2D4854C3-CE26-4365-AC67-522D8EDA43C9}.Ad-Hoc|iPhone.Build.0 = Release|Any CPU
		{2D4854C3-CE26-4365-AC67-522D8EDA43C9}.Ad-Hoc|iPhoneSimulator.ActiveCfg = Release|Any CPU
		{2D4854C3-CE26-4365-AC67-522D8EDA43C9}.Ad-Hoc|iPhoneSimulator.Build.0 = Release|Any CPU
		{2D4854C3-CE26-4365-AC67-522D8EDA43C9}.Ad-Hoc|x64.ActiveCfg = Release|Any CPU
		{2D4854C3-CE26-4365-AC67-522D8EDA43C9}.Ad-Hoc|x64.Build.0 = Release|Any CPU
		{2D4854C3-CE26-4365-AC67-522D8EDA43C9}.Ad-Hoc|x86.ActiveCfg = Release|Any CPU
		{2D4854C3-CE26-4365-AC67-522D8EDA43C9}.Ad-Hoc|x86.Build.0 = Release|Any CPU
		{2D4854C3-CE26-4365-AC67-522D8EDA43C9}.AppStore|Any CPU.ActiveCfg = Release|Any CPU
		{2D4854C3-CE26-4365-AC67-522D8EDA43C9}.AppStore|Any CPU.Build.0 = Release|Any CPU
		{2D4854C3-CE26-4365-AC67-522D8EDA43C9}.AppStore|ARM.ActiveCfg = Release|Any CPU
		{2D4854C3-CE26-4365-AC67-522D8EDA43C9}.AppStore|ARM.Build.0 = Release|Any CPU
		{2D4854C3-CE26-4365-AC67-522D8EDA43C9}.AppStore|iPhone.ActiveCfg = Release|Any CPU
		{2D4854C3-CE26-4365-AC67-522D8EDA43C9}.AppStore|iPhone.Build.0 = Release|Any CPU
		{2D4854C3-CE26-4365-AC67-522D8EDA43C9}.AppStore|iPhoneSimulator.ActiveCfg = Release|Any CPU
		{2D4854C3-CE26-4365-AC67-522D8EDA43C9}.AppStore|iPhoneSimulator.Build.0 = Release|Any CPU
		{2D4854C3-CE26-4365-AC67-522D8EDA43C9}.AppStore|x64.ActiveCfg = Release|Any CPU
		{2D4854C3-CE26-4365-AC67-522D8EDA43C9}.AppStore|x64.Build.0 = Release|Any CPU
		{2D4854C3-CE26-4365-AC67-522D8EDA43C9}.AppStore|x86.ActiveCfg = Release|Any CPU
		{2D4854C3-CE26-4365-AC67-522D8EDA43C9}.AppStore|x86.Build.0 = Release|Any CPU
		{2D4854C3-CE26-4365-AC67-522D8EDA43C9}.Debug|Any CPU.ActiveCfg = Debug|Any CPU
		{2D4854C3-CE26-4365-AC67-522D8EDA43C9}.Debug|Any CPU.Build.0 = Debug|Any CPU
		{2D4854C3-CE26-4365-AC67-522D8EDA43C9}.Debug|ARM.ActiveCfg = Debug|Any CPU
		{2D4854C3-CE26-4365-AC67-522D8EDA43C9}.Debug|ARM.Build.0 = Debug|Any CPU
		{2D4854C3-CE26-4365-AC67-522D8EDA43C9}.Debug|iPhone.ActiveCfg = Debug|Any CPU
		{2D4854C3-CE26-4365-AC67-522D8EDA43C9}.Debug|iPhone.Build.0 = Debug|Any CPU
		{2D4854C3-CE26-4365-AC67-522D8EDA43C9}.Debug|iPhoneSimulator.ActiveCfg = Debug|Any CPU
		{2D4854C3-CE26-4365-AC67-522D8EDA43C9}.Debug|iPhoneSimulator.Build.0 = Debug|Any CPU
		{2D4854C3-CE26-4365-AC67-522D8EDA43C9}.Debug|x64.ActiveCfg = Debug|Any CPU
		{2D4854C3-CE26-4365-AC67-522D8EDA43C9}.Debug|x64.Build.0 = Debug|Any CPU
		{2D4854C3-CE26-4365-AC67-522D8EDA43C9}.Debug|x86.ActiveCfg = Debug|Any CPU
		{2D4854C3-CE26-4365-AC67-522D8EDA43C9}.Debug|x86.Build.0 = Debug|Any CPU
		{2D4854C3-CE26-4365-AC67-522D8EDA43C9}.Release|Any CPU.ActiveCfg = Release|Any CPU
		{2D4854C3-CE26-4365-AC67-522D8EDA43C9}.Release|Any CPU.Build.0 = Release|Any CPU
		{2D4854C3-CE26-4365-AC67-522D8EDA43C9}.Release|ARM.ActiveCfg = Release|Any CPU
		{2D4854C3-CE26-4365-AC67-522D8EDA43C9}.Release|ARM.Build.0 = Release|Any CPU
		{2D4854C3-CE26-4365-AC67-522D8EDA43C9}.Release|iPhone.ActiveCfg = Release|Any CPU
		{2D4854C3-CE26-4365-AC67-522D8EDA43C9}.Release|iPhone.Build.0 = Release|Any CPU
		{2D4854C3-CE26-4365-AC67-522D8EDA43C9}.Release|iPhoneSimulator.ActiveCfg = Release|Any CPU
		{2D4854C3-CE26-4365-AC67-522D8EDA43C9}.Release|iPhoneSimulator.Build.0 = Release|Any CPU
		{2D4854C3-CE26-4365-AC67-522D8EDA43C9}.Release|x64.ActiveCfg = Release|Any CPU
		{2D4854C3-CE26-4365-AC67-522D8EDA43C9}.Release|x64.Build.0 = Release|Any CPU
		{2D4854C3-CE26-4365-AC67-522D8EDA43C9}.Release|x86.ActiveCfg = Release|Any CPU
		{2D4854C3-CE26-4365-AC67-522D8EDA43C9}.Release|x86.Build.0 = Release|Any CPU
		{E56FCF68-6EED-4DA7-A3FE-F97FE7871469}.Ad-Hoc|Any CPU.ActiveCfg = Release|Any CPU
		{E56FCF68-6EED-4DA7-A3FE-F97FE7871469}.Ad-Hoc|Any CPU.Build.0 = Release|Any CPU
		{E56FCF68-6EED-4DA7-A3FE-F97FE7871469}.Ad-Hoc|ARM.ActiveCfg = Release|Any CPU
		{E56FCF68-6EED-4DA7-A3FE-F97FE7871469}.Ad-Hoc|ARM.Build.0 = Release|Any CPU
		{E56FCF68-6EED-4DA7-A3FE-F97FE7871469}.Ad-Hoc|iPhone.ActiveCfg = Release|Any CPU
		{E56FCF68-6EED-4DA7-A3FE-F97FE7871469}.Ad-Hoc|iPhone.Build.0 = Release|Any CPU
		{E56FCF68-6EED-4DA7-A3FE-F97FE7871469}.Ad-Hoc|iPhoneSimulator.ActiveCfg = Release|Any CPU
		{E56FCF68-6EED-4DA7-A3FE-F97FE7871469}.Ad-Hoc|iPhoneSimulator.Build.0 = Release|Any CPU
		{E56FCF68-6EED-4DA7-A3FE-F97FE7871469}.Ad-Hoc|x64.ActiveCfg = Release|Any CPU
		{E56FCF68-6EED-4DA7-A3FE-F97FE7871469}.Ad-Hoc|x64.Build.0 = Release|Any CPU
		{E56FCF68-6EED-4DA7-A3FE-F97FE7871469}.Ad-Hoc|x86.ActiveCfg = Release|Any CPU
		{E56FCF68-6EED-4DA7-A3FE-F97FE7871469}.Ad-Hoc|x86.Build.0 = Release|Any CPU
		{E56FCF68-6EED-4DA7-A3FE-F97FE7871469}.AppStore|Any CPU.ActiveCfg = Release|Any CPU
		{E56FCF68-6EED-4DA7-A3FE-F97FE7871469}.AppStore|Any CPU.Build.0 = Release|Any CPU
		{E56FCF68-6EED-4DA7-A3FE-F97FE7871469}.AppStore|ARM.ActiveCfg = Release|Any CPU
		{E56FCF68-6EED-4DA7-A3FE-F97FE7871469}.AppStore|ARM.Build.0 = Release|Any CPU
		{E56FCF68-6EED-4DA7-A3FE-F97FE7871469}.AppStore|iPhone.ActiveCfg = Release|Any CPU
		{E56FCF68-6EED-4DA7-A3FE-F97FE7871469}.AppStore|iPhone.Build.0 = Release|Any CPU
		{E56FCF68-6EED-4DA7-A3FE-F97FE7871469}.AppStore|iPhoneSimulator.ActiveCfg = Release|Any CPU
		{E56FCF68-6EED-4DA7-A3FE-F97FE7871469}.AppStore|iPhoneSimulator.Build.0 = Release|Any CPU
		{E56FCF68-6EED-4DA7-A3FE-F97FE7871469}.AppStore|x64.ActiveCfg = Release|Any CPU
		{E56FCF68-6EED-4DA7-A3FE-F97FE7871469}.AppStore|x64.Build.0 = Release|Any CPU
		{E56FCF68-6EED-4DA7-A3FE-F97FE7871469}.AppStore|x86.ActiveCfg = Release|Any CPU
		{E56FCF68-6EED-4DA7-A3FE-F97FE7871469}.AppStore|x86.Build.0 = Release|Any CPU
		{E56FCF68-6EED-4DA7-A3FE-F97FE7871469}.Debug|Any CPU.ActiveCfg = Debug|Any CPU
		{E56FCF68-6EED-4DA7-A3FE-F97FE7871469}.Debug|Any CPU.Build.0 = Debug|Any CPU
		{E56FCF68-6EED-4DA7-A3FE-F97FE7871469}.Debug|ARM.ActiveCfg = Debug|Any CPU
		{E56FCF68-6EED-4DA7-A3FE-F97FE7871469}.Debug|ARM.Build.0 = Debug|Any CPU
		{E56FCF68-6EED-4DA7-A3FE-F97FE7871469}.Debug|iPhone.ActiveCfg = Debug|Any CPU
		{E56FCF68-6EED-4DA7-A3FE-F97FE7871469}.Debug|iPhone.Build.0 = Debug|Any CPU
		{E56FCF68-6EED-4DA7-A3FE-F97FE7871469}.Debug|iPhoneSimulator.ActiveCfg = Debug|Any CPU
		{E56FCF68-6EED-4DA7-A3FE-F97FE7871469}.Debug|iPhoneSimulator.Build.0 = Debug|Any CPU
		{E56FCF68-6EED-4DA7-A3FE-F97FE7871469}.Debug|x64.ActiveCfg = Debug|Any CPU
		{E56FCF68-6EED-4DA7-A3FE-F97FE7871469}.Debug|x64.Build.0 = Debug|Any CPU
		{E56FCF68-6EED-4DA7-A3FE-F97FE7871469}.Debug|x86.ActiveCfg = Debug|Any CPU
		{E56FCF68-6EED-4DA7-A3FE-F97FE7871469}.Debug|x86.Build.0 = Debug|Any CPU
		{E56FCF68-6EED-4DA7-A3FE-F97FE7871469}.Release|Any CPU.ActiveCfg = Release|Any CPU
		{E56FCF68-6EED-4DA7-A3FE-F97FE7871469}.Release|Any CPU.Build.0 = Release|Any CPU
		{E56FCF68-6EED-4DA7-A3FE-F97FE7871469}.Release|ARM.ActiveCfg = Release|Any CPU
		{E56FCF68-6EED-4DA7-A3FE-F97FE7871469}.Release|ARM.Build.0 = Release|Any CPU
		{E56FCF68-6EED-4DA7-A3FE-F97FE7871469}.Release|iPhone.ActiveCfg = Release|Any CPU
		{E56FCF68-6EED-4DA7-A3FE-F97FE7871469}.Release|iPhone.Build.0 = Release|Any CPU
		{E56FCF68-6EED-4DA7-A3FE-F97FE7871469}.Release|iPhoneSimulator.ActiveCfg = Release|Any CPU
		{E56FCF68-6EED-4DA7-A3FE-F97FE7871469}.Release|iPhoneSimulator.Build.0 = Release|Any CPU
		{E56FCF68-6EED-4DA7-A3FE-F97FE7871469}.Release|x64.ActiveCfg = Release|Any CPU
		{E56FCF68-6EED-4DA7-A3FE-F97FE7871469}.Release|x64.Build.0 = Release|Any CPU
		{E56FCF68-6EED-4DA7-A3FE-F97FE7871469}.Release|x86.ActiveCfg = Release|Any CPU
		{E56FCF68-6EED-4DA7-A3FE-F97FE7871469}.Release|x86.Build.0 = Release|Any CPU
		{334F33A9-0CE9-4CC0-8943-C300B0131684}.Ad-Hoc|Any CPU.ActiveCfg = Release|Any CPU
		{334F33A9-0CE9-4CC0-8943-C300B0131684}.Ad-Hoc|Any CPU.Build.0 = Release|Any CPU
		{334F33A9-0CE9-4CC0-8943-C300B0131684}.Ad-Hoc|Any CPU.Deploy.0 = Release|Any CPU
		{334F33A9-0CE9-4CC0-8943-C300B0131684}.Ad-Hoc|ARM.ActiveCfg = Release|Any CPU
		{334F33A9-0CE9-4CC0-8943-C300B0131684}.Ad-Hoc|ARM.Build.0 = Release|Any CPU
		{334F33A9-0CE9-4CC0-8943-C300B0131684}.Ad-Hoc|ARM.Deploy.0 = Release|Any CPU
		{334F33A9-0CE9-4CC0-8943-C300B0131684}.Ad-Hoc|iPhone.ActiveCfg = Release|Any CPU
		{334F33A9-0CE9-4CC0-8943-C300B0131684}.Ad-Hoc|iPhone.Build.0 = Release|Any CPU
		{334F33A9-0CE9-4CC0-8943-C300B0131684}.Ad-Hoc|iPhone.Deploy.0 = Release|Any CPU
		{334F33A9-0CE9-4CC0-8943-C300B0131684}.Ad-Hoc|iPhoneSimulator.ActiveCfg = Release|Any CPU
		{334F33A9-0CE9-4CC0-8943-C300B0131684}.Ad-Hoc|iPhoneSimulator.Build.0 = Release|Any CPU
		{334F33A9-0CE9-4CC0-8943-C300B0131684}.Ad-Hoc|iPhoneSimulator.Deploy.0 = Release|Any CPU
		{334F33A9-0CE9-4CC0-8943-C300B0131684}.Ad-Hoc|x64.ActiveCfg = Release|Any CPU
		{334F33A9-0CE9-4CC0-8943-C300B0131684}.Ad-Hoc|x64.Build.0 = Release|Any CPU
		{334F33A9-0CE9-4CC0-8943-C300B0131684}.Ad-Hoc|x64.Deploy.0 = Release|Any CPU
		{334F33A9-0CE9-4CC0-8943-C300B0131684}.Ad-Hoc|x86.ActiveCfg = Release|Any CPU
		{334F33A9-0CE9-4CC0-8943-C300B0131684}.Ad-Hoc|x86.Build.0 = Release|Any CPU
		{334F33A9-0CE9-4CC0-8943-C300B0131684}.Ad-Hoc|x86.Deploy.0 = Release|Any CPU
		{334F33A9-0CE9-4CC0-8943-C300B0131684}.AppStore|Any CPU.ActiveCfg = Release|Any CPU
		{334F33A9-0CE9-4CC0-8943-C300B0131684}.AppStore|Any CPU.Build.0 = Release|Any CPU
		{334F33A9-0CE9-4CC0-8943-C300B0131684}.AppStore|Any CPU.Deploy.0 = Release|Any CPU
		{334F33A9-0CE9-4CC0-8943-C300B0131684}.AppStore|ARM.ActiveCfg = Release|Any CPU
		{334F33A9-0CE9-4CC0-8943-C300B0131684}.AppStore|ARM.Build.0 = Release|Any CPU
		{334F33A9-0CE9-4CC0-8943-C300B0131684}.AppStore|ARM.Deploy.0 = Release|Any CPU
		{334F33A9-0CE9-4CC0-8943-C300B0131684}.AppStore|iPhone.ActiveCfg = Release|Any CPU
		{334F33A9-0CE9-4CC0-8943-C300B0131684}.AppStore|iPhone.Build.0 = Release|Any CPU
		{334F33A9-0CE9-4CC0-8943-C300B0131684}.AppStore|iPhone.Deploy.0 = Release|Any CPU
		{334F33A9-0CE9-4CC0-8943-C300B0131684}.AppStore|iPhoneSimulator.ActiveCfg = Release|Any CPU
		{334F33A9-0CE9-4CC0-8943-C300B0131684}.AppStore|iPhoneSimulator.Build.0 = Release|Any CPU
		{334F33A9-0CE9-4CC0-8943-C300B0131684}.AppStore|iPhoneSimulator.Deploy.0 = Release|Any CPU
		{334F33A9-0CE9-4CC0-8943-C300B0131684}.AppStore|x64.ActiveCfg = Release|Any CPU
		{334F33A9-0CE9-4CC0-8943-C300B0131684}.AppStore|x64.Build.0 = Release|Any CPU
		{334F33A9-0CE9-4CC0-8943-C300B0131684}.AppStore|x64.Deploy.0 = Release|Any CPU
		{334F33A9-0CE9-4CC0-8943-C300B0131684}.AppStore|x86.ActiveCfg = Release|Any CPU
		{334F33A9-0CE9-4CC0-8943-C300B0131684}.AppStore|x86.Build.0 = Release|Any CPU
		{334F33A9-0CE9-4CC0-8943-C300B0131684}.AppStore|x86.Deploy.0 = Release|Any CPU
		{334F33A9-0CE9-4CC0-8943-C300B0131684}.Debug|Any CPU.ActiveCfg = Debug|Any CPU
		{334F33A9-0CE9-4CC0-8943-C300B0131684}.Debug|Any CPU.Build.0 = Debug|Any CPU
		{334F33A9-0CE9-4CC0-8943-C300B0131684}.Debug|Any CPU.Deploy.0 = Debug|Any CPU
		{334F33A9-0CE9-4CC0-8943-C300B0131684}.Debug|ARM.ActiveCfg = Debug|Any CPU
		{334F33A9-0CE9-4CC0-8943-C300B0131684}.Debug|ARM.Build.0 = Debug|Any CPU
		{334F33A9-0CE9-4CC0-8943-C300B0131684}.Debug|ARM.Deploy.0 = Debug|Any CPU
		{334F33A9-0CE9-4CC0-8943-C300B0131684}.Debug|iPhone.ActiveCfg = Debug|Any CPU
		{334F33A9-0CE9-4CC0-8943-C300B0131684}.Debug|iPhone.Build.0 = Debug|Any CPU
		{334F33A9-0CE9-4CC0-8943-C300B0131684}.Debug|iPhone.Deploy.0 = Debug|Any CPU
		{334F33A9-0CE9-4CC0-8943-C300B0131684}.Debug|iPhoneSimulator.ActiveCfg = Debug|Any CPU
		{334F33A9-0CE9-4CC0-8943-C300B0131684}.Debug|iPhoneSimulator.Build.0 = Debug|Any CPU
		{334F33A9-0CE9-4CC0-8943-C300B0131684}.Debug|iPhoneSimulator.Deploy.0 = Debug|Any CPU
		{334F33A9-0CE9-4CC0-8943-C300B0131684}.Debug|x64.ActiveCfg = Debug|Any CPU
		{334F33A9-0CE9-4CC0-8943-C300B0131684}.Debug|x64.Build.0 = Debug|Any CPU
		{334F33A9-0CE9-4CC0-8943-C300B0131684}.Debug|x64.Deploy.0 = Debug|Any CPU
		{334F33A9-0CE9-4CC0-8943-C300B0131684}.Debug|x86.ActiveCfg = Debug|Any CPU
		{334F33A9-0CE9-4CC0-8943-C300B0131684}.Debug|x86.Build.0 = Debug|Any CPU
		{334F33A9-0CE9-4CC0-8943-C300B0131684}.Debug|x86.Deploy.0 = Debug|Any CPU
		{334F33A9-0CE9-4CC0-8943-C300B0131684}.Release|Any CPU.ActiveCfg = Release|Any CPU
		{334F33A9-0CE9-4CC0-8943-C300B0131684}.Release|Any CPU.Build.0 = Release|Any CPU
		{334F33A9-0CE9-4CC0-8943-C300B0131684}.Release|Any CPU.Deploy.0 = Release|Any CPU
		{334F33A9-0CE9-4CC0-8943-C300B0131684}.Release|ARM.ActiveCfg = Release|Any CPU
		{334F33A9-0CE9-4CC0-8943-C300B0131684}.Release|ARM.Build.0 = Release|Any CPU
		{334F33A9-0CE9-4CC0-8943-C300B0131684}.Release|ARM.Deploy.0 = Release|Any CPU
		{334F33A9-0CE9-4CC0-8943-C300B0131684}.Release|iPhone.ActiveCfg = Release|Any CPU
		{334F33A9-0CE9-4CC0-8943-C300B0131684}.Release|iPhone.Build.0 = Release|Any CPU
		{334F33A9-0CE9-4CC0-8943-C300B0131684}.Release|iPhone.Deploy.0 = Release|Any CPU
		{334F33A9-0CE9-4CC0-8943-C300B0131684}.Release|iPhoneSimulator.ActiveCfg = Release|Any CPU
		{334F33A9-0CE9-4CC0-8943-C300B0131684}.Release|iPhoneSimulator.Build.0 = Release|Any CPU
		{334F33A9-0CE9-4CC0-8943-C300B0131684}.Release|iPhoneSimulator.Deploy.0 = Release|Any CPU
		{334F33A9-0CE9-4CC0-8943-C300B0131684}.Release|x64.ActiveCfg = Release|Any CPU
		{334F33A9-0CE9-4CC0-8943-C300B0131684}.Release|x64.Build.0 = Release|Any CPU
		{334F33A9-0CE9-4CC0-8943-C300B0131684}.Release|x64.Deploy.0 = Release|Any CPU
		{334F33A9-0CE9-4CC0-8943-C300B0131684}.Release|x86.ActiveCfg = Release|Any CPU
		{334F33A9-0CE9-4CC0-8943-C300B0131684}.Release|x86.Build.0 = Release|Any CPU
		{334F33A9-0CE9-4CC0-8943-C300B0131684}.Release|x86.Deploy.0 = Release|Any CPU
		{141C5BF8-A7F1-449B-A6A9-96BE0E681735}.Ad-Hoc|Any CPU.ActiveCfg = Ad-Hoc|iPhone
		{141C5BF8-A7F1-449B-A6A9-96BE0E681735}.Ad-Hoc|ARM.ActiveCfg = Ad-Hoc|iPhone
		{141C5BF8-A7F1-449B-A6A9-96BE0E681735}.Ad-Hoc|iPhone.ActiveCfg = Ad-Hoc|iPhone
		{141C5BF8-A7F1-449B-A6A9-96BE0E681735}.Ad-Hoc|iPhone.Build.0 = Ad-Hoc|iPhone
		{141C5BF8-A7F1-449B-A6A9-96BE0E681735}.Ad-Hoc|iPhoneSimulator.ActiveCfg = Ad-Hoc|iPhoneSimulator
		{141C5BF8-A7F1-449B-A6A9-96BE0E681735}.Ad-Hoc|iPhoneSimulator.Build.0 = Ad-Hoc|iPhoneSimulator
		{141C5BF8-A7F1-449B-A6A9-96BE0E681735}.Ad-Hoc|x64.ActiveCfg = Ad-Hoc|iPhone
		{141C5BF8-A7F1-449B-A6A9-96BE0E681735}.Ad-Hoc|x86.ActiveCfg = Ad-Hoc|iPhone
		{141C5BF8-A7F1-449B-A6A9-96BE0E681735}.AppStore|Any CPU.ActiveCfg = AppStore|iPhone
		{141C5BF8-A7F1-449B-A6A9-96BE0E681735}.AppStore|ARM.ActiveCfg = AppStore|iPhone
		{141C5BF8-A7F1-449B-A6A9-96BE0E681735}.AppStore|iPhone.ActiveCfg = AppStore|iPhone
		{141C5BF8-A7F1-449B-A6A9-96BE0E681735}.AppStore|iPhone.Build.0 = AppStore|iPhone
		{141C5BF8-A7F1-449B-A6A9-96BE0E681735}.AppStore|iPhoneSimulator.ActiveCfg = AppStore|iPhoneSimulator
		{141C5BF8-A7F1-449B-A6A9-96BE0E681735}.AppStore|iPhoneSimulator.Build.0 = AppStore|iPhoneSimulator
		{141C5BF8-A7F1-449B-A6A9-96BE0E681735}.AppStore|x64.ActiveCfg = AppStore|iPhone
		{141C5BF8-A7F1-449B-A6A9-96BE0E681735}.AppStore|x86.ActiveCfg = AppStore|iPhone
		{141C5BF8-A7F1-449B-A6A9-96BE0E681735}.Debug|Any CPU.ActiveCfg = Debug|iPhone
		{141C5BF8-A7F1-449B-A6A9-96BE0E681735}.Debug|ARM.ActiveCfg = Debug|iPhone
		{141C5BF8-A7F1-449B-A6A9-96BE0E681735}.Debug|iPhone.ActiveCfg = Debug|iPhone
		{141C5BF8-A7F1-449B-A6A9-96BE0E681735}.Debug|iPhone.Build.0 = Debug|iPhone
		{141C5BF8-A7F1-449B-A6A9-96BE0E681735}.Debug|iPhoneSimulator.ActiveCfg = Debug|iPhoneSimulator
		{141C5BF8-A7F1-449B-A6A9-96BE0E681735}.Debug|iPhoneSimulator.Build.0 = Debug|iPhoneSimulator
		{141C5BF8-A7F1-449B-A6A9-96BE0E681735}.Debug|x64.ActiveCfg = Debug|iPhone
		{141C5BF8-A7F1-449B-A6A9-96BE0E681735}.Debug|x86.ActiveCfg = Debug|iPhone
		{141C5BF8-A7F1-449B-A6A9-96BE0E681735}.Release|Any CPU.ActiveCfg = Release|iPhone
		{141C5BF8-A7F1-449B-A6A9-96BE0E681735}.Release|ARM.ActiveCfg = Release|iPhone
		{141C5BF8-A7F1-449B-A6A9-96BE0E681735}.Release|iPhone.ActiveCfg = Release|iPhone
		{141C5BF8-A7F1-449B-A6A9-96BE0E681735}.Release|iPhone.Build.0 = Release|iPhone
		{141C5BF8-A7F1-449B-A6A9-96BE0E681735}.Release|iPhoneSimulator.ActiveCfg = Release|iPhoneSimulator
		{141C5BF8-A7F1-449B-A6A9-96BE0E681735}.Release|iPhoneSimulator.Build.0 = Release|iPhoneSimulator
		{141C5BF8-A7F1-449B-A6A9-96BE0E681735}.Release|x64.ActiveCfg = Release|iPhone
		{141C5BF8-A7F1-449B-A6A9-96BE0E681735}.Release|x86.ActiveCfg = Release|iPhone
		{D469F4CE-22D6-4B32-8AF5-325FB267342B}.Ad-Hoc|Any CPU.ActiveCfg = Release|Any CPU
		{D469F4CE-22D6-4B32-8AF5-325FB267342B}.Ad-Hoc|Any CPU.Build.0 = Release|Any CPU
		{D469F4CE-22D6-4B32-8AF5-325FB267342B}.Ad-Hoc|ARM.ActiveCfg = Release|Any CPU
		{D469F4CE-22D6-4B32-8AF5-325FB267342B}.Ad-Hoc|ARM.Build.0 = Release|Any CPU
		{D469F4CE-22D6-4B32-8AF5-325FB267342B}.Ad-Hoc|iPhone.ActiveCfg = Release|Any CPU
		{D469F4CE-22D6-4B32-8AF5-325FB267342B}.Ad-Hoc|iPhone.Build.0 = Release|Any CPU
		{D469F4CE-22D6-4B32-8AF5-325FB267342B}.Ad-Hoc|iPhoneSimulator.ActiveCfg = Release|Any CPU
		{D469F4CE-22D6-4B32-8AF5-325FB267342B}.Ad-Hoc|iPhoneSimulator.Build.0 = Release|Any CPU
		{D469F4CE-22D6-4B32-8AF5-325FB267342B}.Ad-Hoc|x64.ActiveCfg = Release|Any CPU
		{D469F4CE-22D6-4B32-8AF5-325FB267342B}.Ad-Hoc|x64.Build.0 = Release|Any CPU
		{D469F4CE-22D6-4B32-8AF5-325FB267342B}.Ad-Hoc|x86.ActiveCfg = Release|Any CPU
		{D469F4CE-22D6-4B32-8AF5-325FB267342B}.Ad-Hoc|x86.Build.0 = Release|Any CPU
		{D469F4CE-22D6-4B32-8AF5-325FB267342B}.AppStore|Any CPU.ActiveCfg = Release|Any CPU
		{D469F4CE-22D6-4B32-8AF5-325FB267342B}.AppStore|Any CPU.Build.0 = Release|Any CPU
		{D469F4CE-22D6-4B32-8AF5-325FB267342B}.AppStore|ARM.ActiveCfg = Release|Any CPU
		{D469F4CE-22D6-4B32-8AF5-325FB267342B}.AppStore|ARM.Build.0 = Release|Any CPU
		{D469F4CE-22D6-4B32-8AF5-325FB267342B}.AppStore|iPhone.ActiveCfg = Release|Any CPU
		{D469F4CE-22D6-4B32-8AF5-325FB267342B}.AppStore|iPhone.Build.0 = Release|Any CPU
		{D469F4CE-22D6-4B32-8AF5-325FB267342B}.AppStore|iPhoneSimulator.ActiveCfg = Release|Any CPU
		{D469F4CE-22D6-4B32-8AF5-325FB267342B}.AppStore|iPhoneSimulator.Build.0 = Release|Any CPU
		{D469F4CE-22D6-4B32-8AF5-325FB267342B}.AppStore|x64.ActiveCfg = Release|Any CPU
		{D469F4CE-22D6-4B32-8AF5-325FB267342B}.AppStore|x64.Build.0 = Release|Any CPU
		{D469F4CE-22D6-4B32-8AF5-325FB267342B}.AppStore|x86.ActiveCfg = Release|Any CPU
		{D469F4CE-22D6-4B32-8AF5-325FB267342B}.AppStore|x86.Build.0 = Release|Any CPU
		{D469F4CE-22D6-4B32-8AF5-325FB267342B}.Debug|Any CPU.ActiveCfg = Debug|Any CPU
		{D469F4CE-22D6-4B32-8AF5-325FB267342B}.Debug|Any CPU.Build.0 = Debug|Any CPU
		{D469F4CE-22D6-4B32-8AF5-325FB267342B}.Debug|ARM.ActiveCfg = Debug|Any CPU
		{D469F4CE-22D6-4B32-8AF5-325FB267342B}.Debug|ARM.Build.0 = Debug|Any CPU
		{D469F4CE-22D6-4B32-8AF5-325FB267342B}.Debug|iPhone.ActiveCfg = Debug|Any CPU
		{D469F4CE-22D6-4B32-8AF5-325FB267342B}.Debug|iPhone.Build.0 = Debug|Any CPU
		{D469F4CE-22D6-4B32-8AF5-325FB267342B}.Debug|iPhoneSimulator.ActiveCfg = Debug|Any CPU
		{D469F4CE-22D6-4B32-8AF5-325FB267342B}.Debug|iPhoneSimulator.Build.0 = Debug|Any CPU
		{D469F4CE-22D6-4B32-8AF5-325FB267342B}.Debug|x64.ActiveCfg = Debug|Any CPU
		{D469F4CE-22D6-4B32-8AF5-325FB267342B}.Debug|x64.Build.0 = Debug|Any CPU
		{D469F4CE-22D6-4B32-8AF5-325FB267342B}.Debug|x86.ActiveCfg = Debug|Any CPU
		{D469F4CE-22D6-4B32-8AF5-325FB267342B}.Debug|x86.Build.0 = Debug|Any CPU
		{D469F4CE-22D6-4B32-8AF5-325FB267342B}.Release|Any CPU.ActiveCfg = Release|Any CPU
		{D469F4CE-22D6-4B32-8AF5-325FB267342B}.Release|Any CPU.Build.0 = Release|Any CPU
		{D469F4CE-22D6-4B32-8AF5-325FB267342B}.Release|ARM.ActiveCfg = Release|Any CPU
		{D469F4CE-22D6-4B32-8AF5-325FB267342B}.Release|ARM.Build.0 = Release|Any CPU
		{D469F4CE-22D6-4B32-8AF5-325FB267342B}.Release|iPhone.ActiveCfg = Release|Any CPU
		{D469F4CE-22D6-4B32-8AF5-325FB267342B}.Release|iPhone.Build.0 = Release|Any CPU
		{D469F4CE-22D6-4B32-8AF5-325FB267342B}.Release|iPhoneSimulator.ActiveCfg = Release|Any CPU
		{D469F4CE-22D6-4B32-8AF5-325FB267342B}.Release|iPhoneSimulator.Build.0 = Release|Any CPU
		{D469F4CE-22D6-4B32-8AF5-325FB267342B}.Release|x64.ActiveCfg = Release|Any CPU
		{D469F4CE-22D6-4B32-8AF5-325FB267342B}.Release|x64.Build.0 = Release|Any CPU
		{D469F4CE-22D6-4B32-8AF5-325FB267342B}.Release|x86.ActiveCfg = Release|Any CPU
		{D469F4CE-22D6-4B32-8AF5-325FB267342B}.Release|x86.Build.0 = Release|Any CPU
	EndGlobalSection
	GlobalSection(SolutionProperties) = preSolution
		HideSolutionNode = FALSE
	EndGlobalSection
	GlobalSection(NestedProjects) = preSolution
		{38D628F3-FF33-42CB-816B-E35AD1CBA01B} = {3C483C0F-38F0-4C62-9C71-CD3352866266}
		{44EEF008-68C3-4985-97E9-544D006DAFD4} = {3C483C0F-38F0-4C62-9C71-CD3352866266}
		{5AAD5FE2-1462-4B2A-9498-8E285FDBF9CB} = {3C483C0F-38F0-4C62-9C71-CD3352866266}
		{3B38518E-0F88-4E20-A40A-035B67180E8A} = {3C483C0F-38F0-4C62-9C71-CD3352866266}
		{63A42565-8912-483F-B107-487DFD073782} = {3C483C0F-38F0-4C62-9C71-CD3352866266}
		{C3BCF2BC-AE22-40AD-83B7-9B3A860FC354} = {3C483C0F-38F0-4C62-9C71-CD3352866266}
		{5DE5B57E-BE41-4343-B3CB-6351A27FC8AE} = {8CFFF28C-8FDD-467A-9CBF-4AA8D81806C9}
		{F8293BA2-C219-412E-9410-E7667492AF30} = {8CFFF28C-8FDD-467A-9CBF-4AA8D81806C9}
		{6C2894C9-9C56-4CDC-A9D5-65022A96297B} = {38D628F3-FF33-42CB-816B-E35AD1CBA01B}
		{A8E3199B-2657-4D2C-A3B5-3FA99C63B6C2} = {38D628F3-FF33-42CB-816B-E35AD1CBA01B}
		{2D6A2D15-7789-495D-9BFB-118845C7B0F3} = {44EEF008-68C3-4985-97E9-544D006DAFD4}
		{82EB09BC-33F4-4B39-9E64-23DB684E0DCE} = {44EEF008-68C3-4985-97E9-544D006DAFD4}
		{2F1D5908-FAD4-43D5-96D5-48A96BE1955B} = {5AAD5FE2-1462-4B2A-9498-8E285FDBF9CB}
		{87064E20-D053-4FB9-8CC3-A69F3FC4B1FA} = {3B38518E-0F88-4E20-A40A-035B67180E8A}
		{10E57D29-5324-4820-9E23-2D17A11E97A8} = {3B38518E-0F88-4E20-A40A-035B67180E8A}
		{2D4854C3-CE26-4365-AC67-522D8EDA43C9} = {C3BCF2BC-AE22-40AD-83B7-9B3A860FC354}
		{E56FCF68-6EED-4DA7-A3FE-F97FE7871469} = {C3BCF2BC-AE22-40AD-83B7-9B3A860FC354}
		{334F33A9-0CE9-4CC0-8943-C300B0131684} = {63A42565-8912-483F-B107-487DFD073782}
		{141C5BF8-A7F1-449B-A6A9-96BE0E681735} = {63A42565-8912-483F-B107-487DFD073782}
		{D469F4CE-22D6-4B32-8AF5-325FB267342B} = {C3BCF2BC-AE22-40AD-83B7-9B3A860FC354}
		{267AE5B2-D17D-43EA-841D-E56C1063789C} = {E1F90F0F-C5B7-4220-8484-CD849DD8AE93}
		{5E7E0F36-82C1-4C2F-8C2A-12185CCF8984} = {E1F90F0F-C5B7-4220-8484-CD849DD8AE93}
	EndGlobalSection
EndGlobal
